// !$*UTF8*$!
{
	archiveVersion = 1;
	classes = {
	};
	objectVersion = 46;
	objects = {

/* Begin PBXBuildFile section */
		03E8DBA682210C33E3010820 /* libPods-XGDevelopDemo.a in Frameworks */ = {isa = PBXBuildFile; fileRef = D0ADAF9762BA00FCDD832E6D /* libPods-XGDevelopDemo.a */; };
		371067E31D829B7E0048CA65 /* XGAutoHeightTabController.m in Sources */ = {isa = PBXBuildFile; fileRef = 371067E11D829B7E0048CA65 /* XGAutoHeightTabController.m */; };
		371067E41D829B7E0048CA65 /* XGAutoHeightTabController.xib in Resources */ = {isa = PBXBuildFile; fileRef = 371067E21D829B7E0048CA65 /* XGAutoHeightTabController.xib */; };
		373690DE1D7522CC00E04076 /* XGDevelopDemoTests.m in Sources */ = {isa = PBXBuildFile; fileRef = 373690DD1D7522CC00E04076 /* XGDevelopDemoTests.m */; };
		373690E91D7522CC00E04076 /* XGDevelopDemoUITests.m in Sources */ = {isa = PBXBuildFile; fileRef = 373690E81D7522CC00E04076 /* XGDevelopDemoUITests.m */; };
		375435601D851A5500851923 /* MSSCalendarCollectionReusableView.m in Sources */ = {isa = PBXBuildFile; fileRef = 3754354E1D851A5500851923 /* MSSCalendarCollectionReusableView.m */; };
		375435611D851A5500851923 /* MSSCalendarCollectionViewCell.m in Sources */ = {isa = PBXBuildFile; fileRef = 375435501D851A5500851923 /* MSSCalendarCollectionViewCell.m */; };
		375435621D851A5500851923 /* MSSCalendarHeaderModel.m in Sources */ = {isa = PBXBuildFile; fileRef = 375435531D851A5500851923 /* MSSCalendarHeaderModel.m */; };
		375435631D851A5500851923 /* MSSCalendarManager.m in Sources */ = {isa = PBXBuildFile; fileRef = 375435551D851A5500851923 /* MSSCalendarManager.m */; };
		375435641D851A5500851923 /* MSSCalendarPopView.m in Sources */ = {isa = PBXBuildFile; fileRef = 375435571D851A5500851923 /* MSSCalendarPopView.m */; };
		375435651D851A5500851923 /* MSSCalendarViewController.m in Sources */ = {isa = PBXBuildFile; fileRef = 375435591D851A5500851923 /* MSSCalendarViewController.m */; };
		375435661D851A5500851923 /* MSSChineseCalendarManager.m in Sources */ = {isa = PBXBuildFile; fileRef = 3754355B1D851A5500851923 /* MSSChineseCalendarManager.m */; };
		375435671D851A5500851923 /* MSSCircleLabel.m in Sources */ = {isa = PBXBuildFile; fileRef = 3754355D1D851A5500851923 /* MSSCircleLabel.m */; };
		375435681D851A5500851923 /* nav_back@2x.png in Resources */ = {isa = PBXBuildFile; fileRef = 3754355E1D851A5500851923 /* nav_back@2x.png */; };
		375435691D851A5500851923 /* nav_back@3x.png in Resources */ = {isa = PBXBuildFile; fileRef = 3754355F1D851A5500851923 /* nav_back@3x.png */; };
		3769249E1DE2CF8D00DA356C /* points1.png in Resources */ = {isa = PBXBuildFile; fileRef = 3769249A1DE2CF8D00DA356C /* points1.png */; };
		3769249F1DE2CF8D00DA356C /* points2.png in Resources */ = {isa = PBXBuildFile; fileRef = 3769249B1DE2CF8D00DA356C /* points2.png */; };
		376924A01DE2CF8D00DA356C /* points4.png in Resources */ = {isa = PBXBuildFile; fileRef = 3769249C1DE2CF8D00DA356C /* points4.png */; };
		376924A11DE2CF8D00DA356C /* xg_test.html in Resources */ = {isa = PBXBuildFile; fileRef = 3769249D1DE2CF8D00DA356C /* xg_test.html */; };
		37862C7A1D8258BB001318B8 /* XGNetBase.m in Sources */ = {isa = PBXBuildFile; fileRef = 37862C271D8258BB001318B8 /* XGNetBase.m */; };
		37862C7B1D8258BB001318B8 /* XGNetRequest.m in Sources */ = {isa = PBXBuildFile; fileRef = 37862C291D8258BB001318B8 /* XGNetRequest.m */; };
		37862C7C1D8258BB001318B8 /* XGArrayDataSource.m in Sources */ = {isa = PBXBuildFile; fileRef = 37862C2C1D8258BB001318B8 /* XGArrayDataSource.m */; };
		37862C7D1D8258BB001318B8 /* XGBaseController.m in Sources */ = {isa = PBXBuildFile; fileRef = 37862C2E1D8258BB001318B8 /* XGBaseController.m */; };
		37862C7E1D8258BB001318B8 /* XGBaseTableController.m in Sources */ = {isa = PBXBuildFile; fileRef = 37862C301D8258BB001318B8 /* XGBaseTableController.m */; };
		37862C7F1D8258BB001318B8 /* AppDelegate.m in Sources */ = {isa = PBXBuildFile; fileRef = 37862C331D8258BB001318B8 /* AppDelegate.m */; };
		37862C801D8258BB001318B8 /* ViewController.m in Sources */ = {isa = PBXBuildFile; fileRef = 37862C351D8258BB001318B8 /* ViewController.m */; };
		37862C811D8258BB001318B8 /* XGAddCellController.m in Sources */ = {isa = PBXBuildFile; fileRef = 37862C3A1D8258BB001318B8 /* XGAddCellController.m */; };
		37862C821D8258BB001318B8 /* XGAddCellController.xib in Resources */ = {isa = PBXBuildFile; fileRef = 37862C3B1D8258BB001318B8 /* XGAddCellController.xib */; };
		37862C831D8258BB001318B8 /* XGCollectionController.m in Sources */ = {isa = PBXBuildFile; fileRef = 37862C3D1D8258BB001318B8 /* XGCollectionController.m */; };
		37862C841D8258BB001318B8 /* XGCollectionController.xib in Resources */ = {isa = PBXBuildFile; fileRef = 37862C3E1D8258BB001318B8 /* XGCollectionController.xib */; };
		37862C851D8258BB001318B8 /* XGTableTestController.m in Sources */ = {isa = PBXBuildFile; fileRef = 37862C401D8258BB001318B8 /* XGTableTestController.m */; };
		37862C861D8258BB001318B8 /* AddCellDatas.plist in Resources */ = {isa = PBXBuildFile; fileRef = 37862C421D8258BB001318B8 /* AddCellDatas.plist */; };
		37862C871D8258BB001318B8 /* XGAddCellModel.m in Sources */ = {isa = PBXBuildFile; fileRef = 37862C441D8258BB001318B8 /* XGAddCellModel.m */; };
		37862C881D8258BB001318B8 /* XGModel.m in Sources */ = {isa = PBXBuildFile; fileRef = 37862C461D8258BB001318B8 /* XGModel.m */; };
		37862C891D8258BB001318B8 /* XGAddCell.m in Sources */ = {isa = PBXBuildFile; fileRef = 37862C4A1D8258BB001318B8 /* XGAddCell.m */; };
		37862C8A1D8258BB001318B8 /* XGAddCell.xib in Resources */ = {isa = PBXBuildFile; fileRef = 37862C4B1D8258BB001318B8 /* XGAddCell.xib */; };
		37862C8B1D8258BB001318B8 /* XGCollectionCell.m in Sources */ = {isa = PBXBuildFile; fileRef = 37862C4D1D8258BB001318B8 /* XGCollectionCell.m */; };
		37862C8C1D8258BB001318B8 /* XGCollectionCell.xib in Resources */ = {isa = PBXBuildFile; fileRef = 37862C4E1D8258BB001318B8 /* XGCollectionCell.xib */; };
		37862C8D1D8258BB001318B8 /* XGCollectionHeaderView.m in Sources */ = {isa = PBXBuildFile; fileRef = 37862C501D8258BB001318B8 /* XGCollectionHeaderView.m */; };
		37862C8E1D8258BB001318B8 /* XGCollectionHeaderView.xib in Resources */ = {isa = PBXBuildFile; fileRef = 37862C511D8258BB001318B8 /* XGCollectionHeaderView.xib */; };
		37862C8F1D8258BB001318B8 /* XGTestCell.m in Sources */ = {isa = PBXBuildFile; fileRef = 37862C531D8258BB001318B8 /* XGTestCell.m */; };
		37862C901D8258BB001318B8 /* XGTestCell.xib in Resources */ = {isa = PBXBuildFile; fileRef = 37862C541D8258BB001318B8 /* XGTestCell.xib */; };
		37862C911D8258BB001318B8 /* NSObject+Ext.m in Sources */ = {isa = PBXBuildFile; fileRef = 37862C591D8258BB001318B8 /* NSObject+Ext.m */; };
		37862C921D8258BB001318B8 /* UIView+Ext.m in Sources */ = {isa = PBXBuildFile; fileRef = 37862C5C1D8258BB001318B8 /* UIView+Ext.m */; };
		37862C931D8258BB001318B8 /* XGChoseDateView.m in Sources */ = {isa = PBXBuildFile; fileRef = 37862C5F1D8258BB001318B8 /* XGChoseDateView.m */; };
		37862C941D8258BB001318B8 /* MJPopupBackgroundView.m in Sources */ = {isa = PBXBuildFile; fileRef = 37862C691D8258BB001318B8 /* MJPopupBackgroundView.m */; };
		37862C951D8258BB001318B8 /* MJPopupViewController.textClipping in Resources */ = {isa = PBXBuildFile; fileRef = 37862C6A1D8258BB001318B8 /* MJPopupViewController.textClipping */; };
		37862C961D8258BB001318B8 /* UIViewController+MJPopupViewController.m in Sources */ = {isa = PBXBuildFile; fileRef = 37862C6C1D8258BB001318B8 /* UIViewController+MJPopupViewController.m */; };
		37862C971D8258BB001318B8 /* XGAlertTool.m in Sources */ = {isa = PBXBuildFile; fileRef = 37862C6E1D8258BB001318B8 /* XGAlertTool.m */; };
		37862C981D8258BB001318B8 /* XGDatePicerViewController.m in Sources */ = {isa = PBXBuildFile; fileRef = 37862C701D8258BB001318B8 /* XGDatePicerViewController.m */; };
		37862C991D8258BB001318B8 /* XGDatePicerViewController.xib in Resources */ = {isa = PBXBuildFile; fileRef = 37862C711D8258BB001318B8 /* XGDatePicerViewController.xib */; };
		37862C9A1D8258BB001318B8 /* Assets.xcassets in Resources */ = {isa = PBXBuildFile; fileRef = 37862C731D8258BB001318B8 /* Assets.xcassets */; };
		37862C9B1D8258BB001318B8 /* LaunchScreen.storyboard in Resources */ = {isa = PBXBuildFile; fileRef = 37862C741D8258BB001318B8 /* LaunchScreen.storyboard */; };
		37862C9C1D8258BB001318B8 /* Main.storyboard in Resources */ = {isa = PBXBuildFile; fileRef = 37862C761D8258BB001318B8 /* Main.storyboard */; };
		37862C9D1D8258BB001318B8 /* Info.plist in Resources */ = {isa = PBXBuildFile; fileRef = 37862C781D8258BB001318B8 /* Info.plist */; };
		37862C9E1D8258BB001318B8 /* main.m in Sources */ = {isa = PBXBuildFile; fileRef = 37862C791D8258BB001318B8 /* main.m */; };
		378A58D51DDEE62100A2E4B6 /* XGWKWebViewController.m in Sources */ = {isa = PBXBuildFile; fileRef = 378A58D41DDEE62100A2E4B6 /* XGWKWebViewController.m */; };
		378A58D81DDEE6F000A2E4B6 /* XGWKDelegateController.m in Sources */ = {isa = PBXBuildFile; fileRef = 378A58D71DDEE6F000A2E4B6 /* XGWKDelegateController.m */; };
		37A98CD81DCC5AEA00AFD09C /* WKWebViewBridgeController.m in Sources */ = {isa = PBXBuildFile; fileRef = 37A98CD71DCC5AEA00AFD09C /* WKWebViewBridgeController.m */; };
		37A98CDC1DCC6E9C00AFD09C /* hotpatch.js in Resources */ = {isa = PBXBuildFile; fileRef = 37A98CDB1DCC6E9C00AFD09C /* hotpatch.js */; };
/* End PBXBuildFile section */

/* Begin PBXContainerItemProxy section */
		373690DA1D7522CC00E04076 /* PBXContainerItemProxy */ = {
			isa = PBXContainerItemProxy;
			containerPortal = 373690B81D7522CC00E04076 /* Project object */;
			proxyType = 1;
			remoteGlobalIDString = 373690BF1D7522CC00E04076;
			remoteInfo = XGDevelopDemo;
		};
		373690E51D7522CC00E04076 /* PBXContainerItemProxy */ = {
			isa = PBXContainerItemProxy;
			containerPortal = 373690B81D7522CC00E04076 /* Project object */;
			proxyType = 1;
			remoteGlobalIDString = 373690BF1D7522CC00E04076;
			remoteInfo = XGDevelopDemo;
		};
/* End PBXContainerItemProxy section */

/* Begin PBXFileReference section */
		29003ACEF14963DBB8FDECDB /* Pods-XGDevelopDemo.release.xcconfig */ = {isa = PBXFileReference; includeInIndex = 1; lastKnownFileType = text.xcconfig; name = "Pods-XGDevelopDemo.release.xcconfig"; path = "Pods/Target Support Files/Pods-XGDevelopDemo/Pods-XGDevelopDemo.release.xcconfig"; sourceTree = "<group>"; };
		371067E01D829B7E0048CA65 /* XGAutoHeightTabController.h */ = {isa = PBXFileReference; fileEncoding = 4; lastKnownFileType = sourcecode.c.h; path = XGAutoHeightTabController.h; sourceTree = "<group>"; };
		371067E11D829B7E0048CA65 /* XGAutoHeightTabController.m */ = {isa = PBXFileReference; fileEncoding = 4; lastKnownFileType = sourcecode.c.objc; path = XGAutoHeightTabController.m; sourceTree = "<group>"; };
		371067E21D829B7E0048CA65 /* XGAutoHeightTabController.xib */ = {isa = PBXFileReference; fileEncoding = 4; lastKnownFileType = file.xib; path = XGAutoHeightTabController.xib; sourceTree = "<group>"; };
		373690C01D7522CC00E04076 /* XGDevelopDemo.app */ = {isa = PBXFileReference; explicitFileType = wrapper.application; includeInIndex = 0; path = XGDevelopDemo.app; sourceTree = BUILT_PRODUCTS_DIR; };
		373690D91D7522CC00E04076 /* XGDevelopDemoTests.xctest */ = {isa = PBXFileReference; explicitFileType = wrapper.cfbundle; includeInIndex = 0; path = XGDevelopDemoTests.xctest; sourceTree = BUILT_PRODUCTS_DIR; };
		373690DD1D7522CC00E04076 /* XGDevelopDemoTests.m */ = {isa = PBXFileReference; lastKnownFileType = sourcecode.c.objc; path = XGDevelopDemoTests.m; sourceTree = "<group>"; };
		373690DF1D7522CC00E04076 /* Info.plist */ = {isa = PBXFileReference; lastKnownFileType = text.plist.xml; path = Info.plist; sourceTree = "<group>"; };
		373690E41D7522CC00E04076 /* XGDevelopDemoUITests.xctest */ = {isa = PBXFileReference; explicitFileType = wrapper.cfbundle; includeInIndex = 0; path = XGDevelopDemoUITests.xctest; sourceTree = BUILT_PRODUCTS_DIR; };
		373690E81D7522CC00E04076 /* XGDevelopDemoUITests.m */ = {isa = PBXFileReference; lastKnownFileType = sourcecode.c.objc; path = XGDevelopDemoUITests.m; sourceTree = "<group>"; };
		373690EA1D7522CC00E04076 /* Info.plist */ = {isa = PBXFileReference; lastKnownFileType = text.plist.xml; path = Info.plist; sourceTree = "<group>"; };
		3754354D1D851A5500851923 /* MSSCalendarCollectionReusableView.h */ = {isa = PBXFileReference; fileEncoding = 4; lastKnownFileType = sourcecode.c.h; path = MSSCalendarCollectionReusableView.h; sourceTree = "<group>"; };
		3754354E1D851A5500851923 /* MSSCalendarCollectionReusableView.m */ = {isa = PBXFileReference; fileEncoding = 4; lastKnownFileType = sourcecode.c.objc; path = MSSCalendarCollectionReusableView.m; sourceTree = "<group>"; };
		3754354F1D851A5500851923 /* MSSCalendarCollectionViewCell.h */ = {isa = PBXFileReference; fileEncoding = 4; lastKnownFileType = sourcecode.c.h; path = MSSCalendarCollectionViewCell.h; sourceTree = "<group>"; };
		375435501D851A5500851923 /* MSSCalendarCollectionViewCell.m */ = {isa = PBXFileReference; fileEncoding = 4; lastKnownFileType = sourcecode.c.objc; path = MSSCalendarCollectionViewCell.m; sourceTree = "<group>"; };
		375435511D851A5500851923 /* MSSCalendarDefine.h */ = {isa = PBXFileReference; fileEncoding = 4; lastKnownFileType = sourcecode.c.h; path = MSSCalendarDefine.h; sourceTree = "<group>"; };
		375435521D851A5500851923 /* MSSCalendarHeaderModel.h */ = {isa = PBXFileReference; fileEncoding = 4; lastKnownFileType = sourcecode.c.h; path = MSSCalendarHeaderModel.h; sourceTree = "<group>"; };
		375435531D851A5500851923 /* MSSCalendarHeaderModel.m */ = {isa = PBXFileReference; fileEncoding = 4; lastKnownFileType = sourcecode.c.objc; path = MSSCalendarHeaderModel.m; sourceTree = "<group>"; };
		375435541D851A5500851923 /* MSSCalendarManager.h */ = {isa = PBXFileReference; fileEncoding = 4; lastKnownFileType = sourcecode.c.h; path = MSSCalendarManager.h; sourceTree = "<group>"; };
		375435551D851A5500851923 /* MSSCalendarManager.m */ = {isa = PBXFileReference; fileEncoding = 4; lastKnownFileType = sourcecode.c.objc; path = MSSCalendarManager.m; sourceTree = "<group>"; };
		375435561D851A5500851923 /* MSSCalendarPopView.h */ = {isa = PBXFileReference; fileEncoding = 4; lastKnownFileType = sourcecode.c.h; path = MSSCalendarPopView.h; sourceTree = "<group>"; };
		375435571D851A5500851923 /* MSSCalendarPopView.m */ = {isa = PBXFileReference; fileEncoding = 4; lastKnownFileType = sourcecode.c.objc; path = MSSCalendarPopView.m; sourceTree = "<group>"; };
		375435581D851A5500851923 /* MSSCalendarViewController.h */ = {isa = PBXFileReference; fileEncoding = 4; lastKnownFileType = sourcecode.c.h; path = MSSCalendarViewController.h; sourceTree = "<group>"; };
		375435591D851A5500851923 /* MSSCalendarViewController.m */ = {isa = PBXFileReference; fileEncoding = 4; lastKnownFileType = sourcecode.c.objc; path = MSSCalendarViewController.m; sourceTree = "<group>"; };
		3754355A1D851A5500851923 /* MSSChineseCalendarManager.h */ = {isa = PBXFileReference; fileEncoding = 4; lastKnownFileType = sourcecode.c.h; path = MSSChineseCalendarManager.h; sourceTree = "<group>"; };
		3754355B1D851A5500851923 /* MSSChineseCalendarManager.m */ = {isa = PBXFileReference; fileEncoding = 4; lastKnownFileType = sourcecode.c.objc; path = MSSChineseCalendarManager.m; sourceTree = "<group>"; };
		3754355C1D851A5500851923 /* MSSCircleLabel.h */ = {isa = PBXFileReference; fileEncoding = 4; lastKnownFileType = sourcecode.c.h; path = MSSCircleLabel.h; sourceTree = "<group>"; };
		3754355D1D851A5500851923 /* MSSCircleLabel.m */ = {isa = PBXFileReference; fileEncoding = 4; lastKnownFileType = sourcecode.c.objc; path = MSSCircleLabel.m; sourceTree = "<group>"; };
		3754355E1D851A5500851923 /* nav_back@2x.png */ = {isa = PBXFileReference; lastKnownFileType = image.png; path = "nav_back@2x.png"; sourceTree = "<group>"; };
		3754355F1D851A5500851923 /* nav_back@3x.png */ = {isa = PBXFileReference; lastKnownFileType = image.png; path = "nav_back@3x.png"; sourceTree = "<group>"; };
		3769249A1DE2CF8D00DA356C /* points1.png */ = {isa = PBXFileReference; lastKnownFileType = image.png; path = points1.png; sourceTree = "<group>"; };
		3769249B1DE2CF8D00DA356C /* points2.png */ = {isa = PBXFileReference; lastKnownFileType = image.png; path = points2.png; sourceTree = "<group>"; };
		3769249C1DE2CF8D00DA356C /* points4.png */ = {isa = PBXFileReference; lastKnownFileType = image.png; path = points4.png; sourceTree = "<group>"; };
		3769249D1DE2CF8D00DA356C /* xg_test.html */ = {isa = PBXFileReference; fileEncoding = 4; lastKnownFileType = text.html; path = xg_test.html; sourceTree = "<group>"; };
		37862C261D8258BB001318B8 /* XGNetBase.h */ = {isa = PBXFileReference; fileEncoding = 4; lastKnownFileType = sourcecode.c.h; path = XGNetBase.h; sourceTree = "<group>"; };
		37862C271D8258BB001318B8 /* XGNetBase.m */ = {isa = PBXFileReference; fileEncoding = 4; lastKnownFileType = sourcecode.c.objc; path = XGNetBase.m; sourceTree = "<group>"; };
		37862C281D8258BB001318B8 /* XGNetRequest.h */ = {isa = PBXFileReference; fileEncoding = 4; lastKnownFileType = sourcecode.c.h; path = XGNetRequest.h; sourceTree = "<group>"; };
		37862C291D8258BB001318B8 /* XGNetRequest.m */ = {isa = PBXFileReference; fileEncoding = 4; lastKnownFileType = sourcecode.c.objc; path = XGNetRequest.m; sourceTree = "<group>"; };
		37862C2B1D8258BB001318B8 /* XGArrayDataSource.h */ = {isa = PBXFileReference; fileEncoding = 4; lastKnownFileType = sourcecode.c.h; path = XGArrayDataSource.h; sourceTree = "<group>"; };
		37862C2C1D8258BB001318B8 /* XGArrayDataSource.m */ = {isa = PBXFileReference; fileEncoding = 4; lastKnownFileType = sourcecode.c.objc; path = XGArrayDataSource.m; sourceTree = "<group>"; };
		37862C2D1D8258BB001318B8 /* XGBaseController.h */ = {isa = PBXFileReference; fileEncoding = 4; lastKnownFileType = sourcecode.c.h; path = XGBaseController.h; sourceTree = "<group>"; };
		37862C2E1D8258BB001318B8 /* XGBaseController.m */ = {isa = PBXFileReference; fileEncoding = 4; lastKnownFileType = sourcecode.c.objc; path = XGBaseController.m; sourceTree = "<group>"; };
		37862C2F1D8258BB001318B8 /* XGBaseTableController.h */ = {isa = PBXFileReference; fileEncoding = 4; lastKnownFileType = sourcecode.c.h; path = XGBaseTableController.h; sourceTree = "<group>"; };
		37862C301D8258BB001318B8 /* XGBaseTableController.m */ = {isa = PBXFileReference; fileEncoding = 4; lastKnownFileType = sourcecode.c.objc; path = XGBaseTableController.m; sourceTree = "<group>"; };
		37862C321D8258BB001318B8 /* AppDelegate.h */ = {isa = PBXFileReference; fileEncoding = 4; lastKnownFileType = sourcecode.c.h; path = AppDelegate.h; sourceTree = "<group>"; };
		37862C331D8258BB001318B8 /* AppDelegate.m */ = {isa = PBXFileReference; fileEncoding = 4; lastKnownFileType = sourcecode.c.objc; path = AppDelegate.m; sourceTree = "<group>"; };
		37862C341D8258BB001318B8 /* ViewController.h */ = {isa = PBXFileReference; fileEncoding = 4; lastKnownFileType = sourcecode.c.h; path = ViewController.h; sourceTree = "<group>"; };
		37862C351D8258BB001318B8 /* ViewController.m */ = {isa = PBXFileReference; fileEncoding = 4; lastKnownFileType = sourcecode.c.objc; path = ViewController.m; sourceTree = "<group>"; };
		37862C391D8258BB001318B8 /* XGAddCellController.h */ = {isa = PBXFileReference; fileEncoding = 4; lastKnownFileType = sourcecode.c.h; path = XGAddCellController.h; sourceTree = "<group>"; };
		37862C3A1D8258BB001318B8 /* XGAddCellController.m */ = {isa = PBXFileReference; fileEncoding = 4; lastKnownFileType = sourcecode.c.objc; path = XGAddCellController.m; sourceTree = "<group>"; };
		37862C3B1D8258BB001318B8 /* XGAddCellController.xib */ = {isa = PBXFileReference; fileEncoding = 4; lastKnownFileType = file.xib; path = XGAddCellController.xib; sourceTree = "<group>"; };
		37862C3C1D8258BB001318B8 /* XGCollectionController.h */ = {isa = PBXFileReference; fileEncoding = 4; lastKnownFileType = sourcecode.c.h; path = XGCollectionController.h; sourceTree = "<group>"; };
		37862C3D1D8258BB001318B8 /* XGCollectionController.m */ = {isa = PBXFileReference; fileEncoding = 4; lastKnownFileType = sourcecode.c.objc; path = XGCollectionController.m; sourceTree = "<group>"; };
		37862C3E1D8258BB001318B8 /* XGCollectionController.xib */ = {isa = PBXFileReference; fileEncoding = 4; lastKnownFileType = file.xib; path = XGCollectionController.xib; sourceTree = "<group>"; };
		37862C3F1D8258BB001318B8 /* XGTableTestController.h */ = {isa = PBXFileReference; fileEncoding = 4; lastKnownFileType = sourcecode.c.h; path = XGTableTestController.h; sourceTree = "<group>"; };
		37862C401D8258BB001318B8 /* XGTableTestController.m */ = {isa = PBXFileReference; fileEncoding = 4; lastKnownFileType = sourcecode.c.objc; path = XGTableTestController.m; sourceTree = "<group>"; };
		37862C421D8258BB001318B8 /* AddCellDatas.plist */ = {isa = PBXFileReference; fileEncoding = 4; lastKnownFileType = text.plist.xml; path = AddCellDatas.plist; sourceTree = "<group>"; };
		37862C431D8258BB001318B8 /* XGAddCellModel.h */ = {isa = PBXFileReference; fileEncoding = 4; lastKnownFileType = sourcecode.c.h; path = XGAddCellModel.h; sourceTree = "<group>"; };
		37862C441D8258BB001318B8 /* XGAddCellModel.m */ = {isa = PBXFileReference; fileEncoding = 4; lastKnownFileType = sourcecode.c.objc; path = XGAddCellModel.m; sourceTree = "<group>"; };
		37862C451D8258BB001318B8 /* XGModel.h */ = {isa = PBXFileReference; fileEncoding = 4; lastKnownFileType = sourcecode.c.h; path = XGModel.h; sourceTree = "<group>"; };
		37862C461D8258BB001318B8 /* XGModel.m */ = {isa = PBXFileReference; fileEncoding = 4; lastKnownFileType = sourcecode.c.objc; path = XGModel.m; sourceTree = "<group>"; };
		37862C491D8258BB001318B8 /* XGAddCell.h */ = {isa = PBXFileReference; fileEncoding = 4; lastKnownFileType = sourcecode.c.h; path = XGAddCell.h; sourceTree = "<group>"; };
		37862C4A1D8258BB001318B8 /* XGAddCell.m */ = {isa = PBXFileReference; fileEncoding = 4; lastKnownFileType = sourcecode.c.objc; path = XGAddCell.m; sourceTree = "<group>"; };
		37862C4B1D8258BB001318B8 /* XGAddCell.xib */ = {isa = PBXFileReference; fileEncoding = 4; lastKnownFileType = file.xib; path = XGAddCell.xib; sourceTree = "<group>"; };
		37862C4C1D8258BB001318B8 /* XGCollectionCell.h */ = {isa = PBXFileReference; fileEncoding = 4; lastKnownFileType = sourcecode.c.h; path = XGCollectionCell.h; sourceTree = "<group>"; };
		37862C4D1D8258BB001318B8 /* XGCollectionCell.m */ = {isa = PBXFileReference; fileEncoding = 4; lastKnownFileType = sourcecode.c.objc; path = XGCollectionCell.m; sourceTree = "<group>"; };
		37862C4E1D8258BB001318B8 /* XGCollectionCell.xib */ = {isa = PBXFileReference; fileEncoding = 4; lastKnownFileType = file.xib; path = XGCollectionCell.xib; sourceTree = "<group>"; };
		37862C4F1D8258BB001318B8 /* XGCollectionHeaderView.h */ = {isa = PBXFileReference; fileEncoding = 4; lastKnownFileType = sourcecode.c.h; path = XGCollectionHeaderView.h; sourceTree = "<group>"; };
		37862C501D8258BB001318B8 /* XGCollectionHeaderView.m */ = {isa = PBXFileReference; fileEncoding = 4; lastKnownFileType = sourcecode.c.objc; path = XGCollectionHeaderView.m; sourceTree = "<group>"; };
		37862C511D8258BB001318B8 /* XGCollectionHeaderView.xib */ = {isa = PBXFileReference; fileEncoding = 4; lastKnownFileType = file.xib; path = XGCollectionHeaderView.xib; sourceTree = "<group>"; };
		37862C521D8258BB001318B8 /* XGTestCell.h */ = {isa = PBXFileReference; fileEncoding = 4; lastKnownFileType = sourcecode.c.h; path = XGTestCell.h; sourceTree = "<group>"; };
		37862C531D8258BB001318B8 /* XGTestCell.m */ = {isa = PBXFileReference; fileEncoding = 4; lastKnownFileType = sourcecode.c.objc; path = XGTestCell.m; sourceTree = "<group>"; };
		37862C541D8258BB001318B8 /* XGTestCell.xib */ = {isa = PBXFileReference; fileEncoding = 4; lastKnownFileType = file.xib; path = XGTestCell.xib; sourceTree = "<group>"; };
		37862C581D8258BB001318B8 /* NSObject+Ext.h */ = {isa = PBXFileReference; fileEncoding = 4; lastKnownFileType = sourcecode.c.h; path = "NSObject+Ext.h"; sourceTree = "<group>"; };
		37862C591D8258BB001318B8 /* NSObject+Ext.m */ = {isa = PBXFileReference; fileEncoding = 4; lastKnownFileType = sourcecode.c.objc; path = "NSObject+Ext.m"; sourceTree = "<group>"; };
		37862C5B1D8258BB001318B8 /* UIView+Ext.h */ = {isa = PBXFileReference; fileEncoding = 4; lastKnownFileType = sourcecode.c.h; path = "UIView+Ext.h"; sourceTree = "<group>"; };
		37862C5C1D8258BB001318B8 /* UIView+Ext.m */ = {isa = PBXFileReference; fileEncoding = 4; lastKnownFileType = sourcecode.c.objc; path = "UIView+Ext.m"; sourceTree = "<group>"; };
		37862C5E1D8258BB001318B8 /* XGChoseDateView.h */ = {isa = PBXFileReference; fileEncoding = 4; lastKnownFileType = sourcecode.c.h; path = XGChoseDateView.h; sourceTree = "<group>"; };
		37862C5F1D8258BB001318B8 /* XGChoseDateView.m */ = {isa = PBXFileReference; fileEncoding = 4; lastKnownFileType = sourcecode.c.objc; path = XGChoseDateView.m; sourceTree = "<group>"; };
		37862C611D8258BB001318B8 /* PrefixHeader.pch */ = {isa = PBXFileReference; fileEncoding = 4; lastKnownFileType = sourcecode.c.h; path = PrefixHeader.pch; sourceTree = "<group>"; };
		37862C621D8258BB001318B8 /* XGCommonMacro.h */ = {isa = PBXFileReference; fileEncoding = 4; lastKnownFileType = sourcecode.c.h; path = XGCommonMacro.h; sourceTree = "<group>"; };
		37862C631D8258BB001318B8 /* XGDefineCode.h */ = {isa = PBXFileReference; fileEncoding = 4; lastKnownFileType = sourcecode.c.h; path = XGDefineCode.h; sourceTree = "<group>"; };
		37862C641D8258BB001318B8 /* XGUrlMacro.h */ = {isa = PBXFileReference; fileEncoding = 4; lastKnownFileType = sourcecode.c.h; path = XGUrlMacro.h; sourceTree = "<group>"; };
		37862C681D8258BB001318B8 /* MJPopupBackgroundView.h */ = {isa = PBXFileReference; fileEncoding = 4; lastKnownFileType = sourcecode.c.h; path = MJPopupBackgroundView.h; sourceTree = "<group>"; };
		37862C691D8258BB001318B8 /* MJPopupBackgroundView.m */ = {isa = PBXFileReference; fileEncoding = 4; lastKnownFileType = sourcecode.c.objc; path = MJPopupBackgroundView.m; sourceTree = "<group>"; };
		37862C6A1D8258BB001318B8 /* MJPopupViewController.textClipping */ = {isa = PBXFileReference; fileEncoding = 4; lastKnownFileType = text; path = MJPopupViewController.textClipping; sourceTree = "<group>"; };
		37862C6B1D8258BB001318B8 /* UIViewController+MJPopupViewController.h */ = {isa = PBXFileReference; fileEncoding = 4; lastKnownFileType = sourcecode.c.h; path = "UIViewController+MJPopupViewController.h"; sourceTree = "<group>"; };
		37862C6C1D8258BB001318B8 /* UIViewController+MJPopupViewController.m */ = {isa = PBXFileReference; fileEncoding = 4; lastKnownFileType = sourcecode.c.objc; path = "UIViewController+MJPopupViewController.m"; sourceTree = "<group>"; };
		37862C6D1D8258BB001318B8 /* XGAlertTool.h */ = {isa = PBXFileReference; fileEncoding = 4; lastKnownFileType = sourcecode.c.h; path = XGAlertTool.h; sourceTree = "<group>"; };
		37862C6E1D8258BB001318B8 /* XGAlertTool.m */ = {isa = PBXFileReference; fileEncoding = 4; lastKnownFileType = sourcecode.c.objc; path = XGAlertTool.m; sourceTree = "<group>"; };
		37862C6F1D8258BB001318B8 /* XGDatePicerViewController.h */ = {isa = PBXFileReference; fileEncoding = 4; lastKnownFileType = sourcecode.c.h; path = XGDatePicerViewController.h; sourceTree = "<group>"; };
		37862C701D8258BB001318B8 /* XGDatePicerViewController.m */ = {isa = PBXFileReference; fileEncoding = 4; lastKnownFileType = sourcecode.c.objc; path = XGDatePicerViewController.m; sourceTree = "<group>"; };
		37862C711D8258BB001318B8 /* XGDatePicerViewController.xib */ = {isa = PBXFileReference; fileEncoding = 4; lastKnownFileType = file.xib; path = XGDatePicerViewController.xib; sourceTree = "<group>"; };
		37862C731D8258BB001318B8 /* Assets.xcassets */ = {isa = PBXFileReference; lastKnownFileType = folder.assetcatalog; path = Assets.xcassets; sourceTree = "<group>"; };
		37862C751D8258BB001318B8 /* Base */ = {isa = PBXFileReference; lastKnownFileType = file.storyboard; name = Base; path = Base.lproj/LaunchScreen.storyboard; sourceTree = "<group>"; };
		37862C771D8258BB001318B8 /* Base */ = {isa = PBXFileReference; lastKnownFileType = file.storyboard; name = Base; path = Base.lproj/Main.storyboard; sourceTree = "<group>"; };
		37862C781D8258BB001318B8 /* Info.plist */ = {isa = PBXFileReference; fileEncoding = 4; lastKnownFileType = text.plist.xml; path = Info.plist; sourceTree = "<group>"; };
		37862C791D8258BB001318B8 /* main.m */ = {isa = PBXFileReference; fileEncoding = 4; lastKnownFileType = sourcecode.c.objc; path = main.m; sourceTree = "<group>"; };
		378A58D31DDEE62100A2E4B6 /* XGWKWebViewController.h */ = {isa = PBXFileReference; fileEncoding = 4; lastKnownFileType = sourcecode.c.h; path = XGWKWebViewController.h; sourceTree = "<group>"; };
		378A58D41DDEE62100A2E4B6 /* XGWKWebViewController.m */ = {isa = PBXFileReference; fileEncoding = 4; lastKnownFileType = sourcecode.c.objc; path = XGWKWebViewController.m; sourceTree = "<group>"; };
		378A58D61DDEE6F000A2E4B6 /* XGWKDelegateController.h */ = {isa = PBXFileReference; fileEncoding = 4; lastKnownFileType = sourcecode.c.h; path = XGWKDelegateController.h; sourceTree = "<group>"; };
		378A58D71DDEE6F000A2E4B6 /* XGWKDelegateController.m */ = {isa = PBXFileReference; fileEncoding = 4; lastKnownFileType = sourcecode.c.objc; path = XGWKDelegateController.m; sourceTree = "<group>"; };
		37A98CD61DCC5AEA00AFD09C /* WKWebViewBridgeController.h */ = {isa = PBXFileReference; fileEncoding = 4; lastKnownFileType = sourcecode.c.h; path = WKWebViewBridgeController.h; sourceTree = "<group>"; };
		37A98CD71DCC5AEA00AFD09C /* WKWebViewBridgeController.m */ = {isa = PBXFileReference; fileEncoding = 4; lastKnownFileType = sourcecode.c.objc; path = WKWebViewBridgeController.m; sourceTree = "<group>"; };
		37A98CDB1DCC6E9C00AFD09C /* hotpatch.js */ = {isa = PBXFileReference; fileEncoding = 4; lastKnownFileType = sourcecode.javascript; path = hotpatch.js; sourceTree = "<group>"; };
		B39BF90DA5AC4210BCB91714 /* Pods-XGDevelopDemo.debug.xcconfig */ = {isa = PBXFileReference; includeInIndex = 1; lastKnownFileType = text.xcconfig; name = "Pods-XGDevelopDemo.debug.xcconfig"; path = "Pods/Target Support Files/Pods-XGDevelopDemo/Pods-XGDevelopDemo.debug.xcconfig"; sourceTree = "<group>"; };
		D0ADAF9762BA00FCDD832E6D /* libPods-XGDevelopDemo.a */ = {isa = PBXFileReference; explicitFileType = archive.ar; includeInIndex = 0; path = "libPods-XGDevelopDemo.a"; sourceTree = BUILT_PRODUCTS_DIR; };
/* End PBXFileReference section */

/* Begin PBXFrameworksBuildPhase section */
		373690BD1D7522CC00E04076 /* Frameworks */ = {
			isa = PBXFrameworksBuildPhase;
			buildActionMask = 2147483647;
			files = (
				03E8DBA682210C33E3010820 /* libPods-XGDevelopDemo.a in Frameworks */,
			);
			runOnlyForDeploymentPostprocessing = 0;
		};
		373690D61D7522CC00E04076 /* Frameworks */ = {
			isa = PBXFrameworksBuildPhase;
			buildActionMask = 2147483647;
			files = (
			);
			runOnlyForDeploymentPostprocessing = 0;
		};
		373690E11D7522CC00E04076 /* Frameworks */ = {
			isa = PBXFrameworksBuildPhase;
			buildActionMask = 2147483647;
			files = (
			);
			runOnlyForDeploymentPostprocessing = 0;
		};
/* End PBXFrameworksBuildPhase section */

/* Begin PBXGroup section */
		31E6C4ED15E81196101238B1 /* Pods */ = {
			isa = PBXGroup;
			children = (
				B39BF90DA5AC4210BCB91714 /* Pods-XGDevelopDemo.debug.xcconfig */,
				29003ACEF14963DBB8FDECDB /* Pods-XGDevelopDemo.release.xcconfig */,
			);
			name = Pods;
			sourceTree = "<group>";
		};
		373690B71D7522CC00E04076 = {
			isa = PBXGroup;
			children = (
				37862C211D8258BB001318B8 /* XGDevelopDemo */,
				373690DC1D7522CC00E04076 /* XGDevelopDemoTests */,
				373690E71D7522CC00E04076 /* XGDevelopDemoUITests */,
				373690C11D7522CC00E04076 /* Products */,
				31E6C4ED15E81196101238B1 /* Pods */,
				F1AD30B5353424FB5896BC81 /* Frameworks */,
			);
			sourceTree = "<group>";
		};
		373690C11D7522CC00E04076 /* Products */ = {
			isa = PBXGroup;
			children = (
				373690C01D7522CC00E04076 /* XGDevelopDemo.app */,
				373690D91D7522CC00E04076 /* XGDevelopDemoTests.xctest */,
				373690E41D7522CC00E04076 /* XGDevelopDemoUITests.xctest */,
			);
			name = Products;
			sourceTree = "<group>";
		};
		373690DC1D7522CC00E04076 /* XGDevelopDemoTests */ = {
			isa = PBXGroup;
			children = (
				373690DD1D7522CC00E04076 /* XGDevelopDemoTests.m */,
				373690DF1D7522CC00E04076 /* Info.plist */,
			);
			path = XGDevelopDemoTests;
			sourceTree = "<group>";
		};
		373690E71D7522CC00E04076 /* XGDevelopDemoUITests */ = {
			isa = PBXGroup;
			children = (
				373690E81D7522CC00E04076 /* XGDevelopDemoUITests.m */,
				373690EA1D7522CC00E04076 /* Info.plist */,
			);
			path = XGDevelopDemoUITests;
			sourceTree = "<group>";
		};
		3754354C1D851A5500851923 /* MSSCalendar */ = {
			isa = PBXGroup;
			children = (
				3754354D1D851A5500851923 /* MSSCalendarCollectionReusableView.h */,
				3754354E1D851A5500851923 /* MSSCalendarCollectionReusableView.m */,
				3754354F1D851A5500851923 /* MSSCalendarCollectionViewCell.h */,
				375435501D851A5500851923 /* MSSCalendarCollectionViewCell.m */,
				375435511D851A5500851923 /* MSSCalendarDefine.h */,
				375435521D851A5500851923 /* MSSCalendarHeaderModel.h */,
				375435531D851A5500851923 /* MSSCalendarHeaderModel.m */,
				375435541D851A5500851923 /* MSSCalendarManager.h */,
				375435551D851A5500851923 /* MSSCalendarManager.m */,
				375435561D851A5500851923 /* MSSCalendarPopView.h */,
				375435571D851A5500851923 /* MSSCalendarPopView.m */,
				375435581D851A5500851923 /* MSSCalendarViewController.h */,
				375435591D851A5500851923 /* MSSCalendarViewController.m */,
				3754355A1D851A5500851923 /* MSSChineseCalendarManager.h */,
				3754355B1D851A5500851923 /* MSSChineseCalendarManager.m */,
				3754355C1D851A5500851923 /* MSSCircleLabel.h */,
				3754355D1D851A5500851923 /* MSSCircleLabel.m */,
				3754355E1D851A5500851923 /* nav_back@2x.png */,
				3754355F1D851A5500851923 /* nav_back@3x.png */,
			);
			path = MSSCalendar;
			sourceTree = "<group>";
		};
		376924991DE2CF8D00DA356C /* html */ = {
			isa = PBXGroup;
			children = (
				3769249A1DE2CF8D00DA356C /* points1.png */,
				3769249B1DE2CF8D00DA356C /* points2.png */,
				3769249C1DE2CF8D00DA356C /* points4.png */,
				3769249D1DE2CF8D00DA356C /* xg_test.html */,
			);
			path = html;
			sourceTree = "<group>";
		};
		37862C211D8258BB001318B8 /* XGDevelopDemo */ = {
			isa = PBXGroup;
			children = (
				37862C221D8258BB001318B8 /* Classes */,
				37862C721D8258BB001318B8 /* Resources */,
			);
			path = XGDevelopDemo;
			sourceTree = "<group>";
		};
		37862C221D8258BB001318B8 /* Classes */ = {
			isa = PBXGroup;
			children = (
				37862C231D8258BB001318B8 /* Base */,
				37862C361D8258BB001318B8 /* Business */,
				37862C561D8258BB001318B8 /* Category */,
				37862C5D1D8258BB001318B8 /* CutomViews */,
				37862C601D8258BB001318B8 /* Macro */,
				37862C651D8258BB001318B8 /* Three */,
				37862C661D8258BB001318B8 /* Tools */,
			);
			path = Classes;
			sourceTree = "<group>";
		};
		37862C231D8258BB001318B8 /* Base */ = {
			isa = PBXGroup;
			children = (
				37862C241D8258BB001318B8 /* BaseDB */,
				37862C251D8258BB001318B8 /* BaseNet */,
				37862C2A1D8258BB001318B8 /* BaseVC */,
				37862C311D8258BB001318B8 /* Common */,
			);
			path = Base;
			sourceTree = "<group>";
		};
		37862C241D8258BB001318B8 /* BaseDB */ = {
			isa = PBXGroup;
			children = (
			);
			path = BaseDB;
			sourceTree = "<group>";
		};
		37862C251D8258BB001318B8 /* BaseNet */ = {
			isa = PBXGroup;
			children = (
				37862C261D8258BB001318B8 /* XGNetBase.h */,
				37862C271D8258BB001318B8 /* XGNetBase.m */,
				37862C281D8258BB001318B8 /* XGNetRequest.h */,
				37862C291D8258BB001318B8 /* XGNetRequest.m */,
			);
			path = BaseNet;
			sourceTree = "<group>";
		};
		37862C2A1D8258BB001318B8 /* BaseVC */ = {
			isa = PBXGroup;
			children = (
				37862C2B1D8258BB001318B8 /* XGArrayDataSource.h */,
				37862C2C1D8258BB001318B8 /* XGArrayDataSource.m */,
				37862C2D1D8258BB001318B8 /* XGBaseController.h */,
				37862C2E1D8258BB001318B8 /* XGBaseController.m */,
				37862C2F1D8258BB001318B8 /* XGBaseTableController.h */,
				37862C301D8258BB001318B8 /* XGBaseTableController.m */,
			);
			path = BaseVC;
			sourceTree = "<group>";
		};
		37862C311D8258BB001318B8 /* Common */ = {
			isa = PBXGroup;
			children = (
				37862C321D8258BB001318B8 /* AppDelegate.h */,
				37862C331D8258BB001318B8 /* AppDelegate.m */,
				37862C341D8258BB001318B8 /* ViewController.h */,
				37862C351D8258BB001318B8 /* ViewController.m */,
			);
			path = Common;
			sourceTree = "<group>";
		};
		37862C361D8258BB001318B8 /* Business */ = {
			isa = PBXGroup;
			children = (
				37862C371D8258BB001318B8 /* TestVC */,
				37862C551D8258BB001318B8 /* TestView */,
			);
			path = Business;
			sourceTree = "<group>";
		};
		37862C371D8258BB001318B8 /* TestVC */ = {
			isa = PBXGroup;
			children = (
				37862C381D8258BB001318B8 /* Controllers */,
				37862C411D8258BB001318B8 /* Models */,
				37862C471D8258BB001318B8 /* ViewModels */,
				37862C481D8258BB001318B8 /* Views */,
			);
			path = TestVC;
			sourceTree = "<group>";
		};
		37862C381D8258BB001318B8 /* Controllers */ = {
			isa = PBXGroup;
			children = (
				37862C391D8258BB001318B8 /* XGAddCellController.h */,
				37862C3A1D8258BB001318B8 /* XGAddCellController.m */,
				37862C3B1D8258BB001318B8 /* XGAddCellController.xib */,
				37862C3C1D8258BB001318B8 /* XGCollectionController.h */,
				37862C3D1D8258BB001318B8 /* XGCollectionController.m */,
				37862C3E1D8258BB001318B8 /* XGCollectionController.xib */,
				37862C3F1D8258BB001318B8 /* XGTableTestController.h */,
				37862C401D8258BB001318B8 /* XGTableTestController.m */,
				371067E01D829B7E0048CA65 /* XGAutoHeightTabController.h */,
				371067E11D829B7E0048CA65 /* XGAutoHeightTabController.m */,
				371067E21D829B7E0048CA65 /* XGAutoHeightTabController.xib */,
				37A98CD61DCC5AEA00AFD09C /* WKWebViewBridgeController.h */,
				37A98CD71DCC5AEA00AFD09C /* WKWebViewBridgeController.m */,
				378A58D31DDEE62100A2E4B6 /* XGWKWebViewController.h */,
				378A58D41DDEE62100A2E4B6 /* XGWKWebViewController.m */,
				378A58D61DDEE6F000A2E4B6 /* XGWKDelegateController.h */,
				378A58D71DDEE6F000A2E4B6 /* XGWKDelegateController.m */,
			);
			path = Controllers;
			sourceTree = "<group>";
		};
		37862C411D8258BB001318B8 /* Models */ = {
			isa = PBXGroup;
			children = (
				37862C421D8258BB001318B8 /* AddCellDatas.plist */,
				37862C431D8258BB001318B8 /* XGAddCellModel.h */,
				37862C441D8258BB001318B8 /* XGAddCellModel.m */,
				37862C451D8258BB001318B8 /* XGModel.h */,
				37862C461D8258BB001318B8 /* XGModel.m */,
			);
			path = Models;
			sourceTree = "<group>";
		};
		37862C471D8258BB001318B8 /* ViewModels */ = {
			isa = PBXGroup;
			children = (
			);
			path = ViewModels;
			sourceTree = "<group>";
		};
		37862C481D8258BB001318B8 /* Views */ = {
			isa = PBXGroup;
			children = (
				37862C491D8258BB001318B8 /* XGAddCell.h */,
				37862C4A1D8258BB001318B8 /* XGAddCell.m */,
				37862C4B1D8258BB001318B8 /* XGAddCell.xib */,
				37862C4C1D8258BB001318B8 /* XGCollectionCell.h */,
				37862C4D1D8258BB001318B8 /* XGCollectionCell.m */,
				37862C4E1D8258BB001318B8 /* XGCollectionCell.xib */,
				37862C4F1D8258BB001318B8 /* XGCollectionHeaderView.h */,
				37862C501D8258BB001318B8 /* XGCollectionHeaderView.m */,
				37862C511D8258BB001318B8 /* XGCollectionHeaderView.xib */,
				37862C521D8258BB001318B8 /* XGTestCell.h */,
				37862C531D8258BB001318B8 /* XGTestCell.m */,
				37862C541D8258BB001318B8 /* XGTestCell.xib */,
			);
			path = Views;
			sourceTree = "<group>";
		};
		37862C551D8258BB001318B8 /* TestView */ = {
			isa = PBXGroup;
			children = (
			);
			path = TestView;
			sourceTree = "<group>";
		};
		37862C561D8258BB001318B8 /* Category */ = {
			isa = PBXGroup;
			children = (
				37862C571D8258BB001318B8 /* Foundation */,
				37862C5A1D8258BB001318B8 /* UIKit */,
			);
			path = Category;
			sourceTree = "<group>";
		};
		37862C571D8258BB001318B8 /* Foundation */ = {
			isa = PBXGroup;
			children = (
				37862C581D8258BB001318B8 /* NSObject+Ext.h */,
				37862C591D8258BB001318B8 /* NSObject+Ext.m */,
			);
			path = Foundation;
			sourceTree = "<group>";
		};
		37862C5A1D8258BB001318B8 /* UIKit */ = {
			isa = PBXGroup;
			children = (
				37862C5B1D8258BB001318B8 /* UIView+Ext.h */,
				37862C5C1D8258BB001318B8 /* UIView+Ext.m */,
			);
			path = UIKit;
			sourceTree = "<group>";
		};
		37862C5D1D8258BB001318B8 /* CutomViews */ = {
			isa = PBXGroup;
			children = (
				37862C5E1D8258BB001318B8 /* XGChoseDateView.h */,
				37862C5F1D8258BB001318B8 /* XGChoseDateView.m */,
			);
			path = CutomViews;
			sourceTree = "<group>";
		};
		37862C601D8258BB001318B8 /* Macro */ = {
			isa = PBXGroup;
			children = (
				37862C611D8258BB001318B8 /* PrefixHeader.pch */,
				37862C621D8258BB001318B8 /* XGCommonMacro.h */,
				37862C631D8258BB001318B8 /* XGDefineCode.h */,
				37862C641D8258BB001318B8 /* XGUrlMacro.h */,
			);
			path = Macro;
			sourceTree = "<group>";
		};
		37862C651D8258BB001318B8 /* Three */ = {
			isa = PBXGroup;
			children = (
				3754354C1D851A5500851923 /* MSSCalendar */,
			);
			path = Three;
			sourceTree = "<group>";
		};
		37862C661D8258BB001318B8 /* Tools */ = {
			isa = PBXGroup;
			children = (
				37862C671D8258BB001318B8 /* MJPopupViewController */,
				37862C6D1D8258BB001318B8 /* XGAlertTool.h */,
				37862C6E1D8258BB001318B8 /* XGAlertTool.m */,
				37862C6F1D8258BB001318B8 /* XGDatePicerViewController.h */,
				37862C701D8258BB001318B8 /* XGDatePicerViewController.m */,
				37862C711D8258BB001318B8 /* XGDatePicerViewController.xib */,
			);
			path = Tools;
			sourceTree = "<group>";
		};
		37862C671D8258BB001318B8 /* MJPopupViewController */ = {
			isa = PBXGroup;
			children = (
				37862C681D8258BB001318B8 /* MJPopupBackgroundView.h */,
				37862C691D8258BB001318B8 /* MJPopupBackgroundView.m */,
				37862C6A1D8258BB001318B8 /* MJPopupViewController.textClipping */,
				37862C6B1D8258BB001318B8 /* UIViewController+MJPopupViewController.h */,
				37862C6C1D8258BB001318B8 /* UIViewController+MJPopupViewController.m */,
			);
			path = MJPopupViewController;
			sourceTree = "<group>";
		};
		37862C721D8258BB001318B8 /* Resources */ = {
			isa = PBXGroup;
			children = (
				376924991DE2CF8D00DA356C /* html */,
				37A98CDB1DCC6E9C00AFD09C /* hotpatch.js */,
				37862C731D8258BB001318B8 /* Assets.xcassets */,
				37862C741D8258BB001318B8 /* LaunchScreen.storyboard */,
				37862C761D8258BB001318B8 /* Main.storyboard */,
				37862C781D8258BB001318B8 /* Info.plist */,
				37862C791D8258BB001318B8 /* main.m */,
			);
			path = Resources;
			sourceTree = "<group>";
		};
		F1AD30B5353424FB5896BC81 /* Frameworks */ = {
			isa = PBXGroup;
			children = (
				D0ADAF9762BA00FCDD832E6D /* libPods-XGDevelopDemo.a */,
			);
			name = Frameworks;
			sourceTree = "<group>";
		};
/* End PBXGroup section */

/* Begin PBXNativeTarget section */
		373690BF1D7522CC00E04076 /* XGDevelopDemo */ = {
			isa = PBXNativeTarget;
			buildConfigurationList = 373690ED1D7522CC00E04076 /* Build configuration list for PBXNativeTarget "XGDevelopDemo" */;
			buildPhases = (
				2B6CA91FB0C92218917085B1 /* [CP] Check Pods Manifest.lock */,
				373690BC1D7522CC00E04076 /* Sources */,
				373690BD1D7522CC00E04076 /* Frameworks */,
				373690BE1D7522CC00E04076 /* Resources */,
				2D7C5557054F19D3716D3DC6 /* [CP] Embed Pods Frameworks */,
				AF2F76FA892D2967C9846B4E /* [CP] Copy Pods Resources */,
			);
			buildRules = (
			);
			dependencies = (
			);
			name = XGDevelopDemo;
			productName = XGDevelopDemo;
			productReference = 373690C01D7522CC00E04076 /* XGDevelopDemo.app */;
			productType = "com.apple.product-type.application";
		};
		373690D81D7522CC00E04076 /* XGDevelopDemoTests */ = {
			isa = PBXNativeTarget;
			buildConfigurationList = 373690F01D7522CC00E04076 /* Build configuration list for PBXNativeTarget "XGDevelopDemoTests" */;
			buildPhases = (
				373690D51D7522CC00E04076 /* Sources */,
				373690D61D7522CC00E04076 /* Frameworks */,
				373690D71D7522CC00E04076 /* Resources */,
			);
			buildRules = (
			);
			dependencies = (
				373690DB1D7522CC00E04076 /* PBXTargetDependency */,
			);
			name = XGDevelopDemoTests;
			productName = XGDevelopDemoTests;
			productReference = 373690D91D7522CC00E04076 /* XGDevelopDemoTests.xctest */;
			productType = "com.apple.product-type.bundle.unit-test";
		};
		373690E31D7522CC00E04076 /* XGDevelopDemoUITests */ = {
			isa = PBXNativeTarget;
			buildConfigurationList = 373690F31D7522CC00E04076 /* Build configuration list for PBXNativeTarget "XGDevelopDemoUITests" */;
			buildPhases = (
				373690E01D7522CC00E04076 /* Sources */,
				373690E11D7522CC00E04076 /* Frameworks */,
				373690E21D7522CC00E04076 /* Resources */,
			);
			buildRules = (
			);
			dependencies = (
				373690E61D7522CC00E04076 /* PBXTargetDependency */,
			);
			name = XGDevelopDemoUITests;
			productName = XGDevelopDemoUITests;
			productReference = 373690E41D7522CC00E04076 /* XGDevelopDemoUITests.xctest */;
			productType = "com.apple.product-type.bundle.ui-testing";
		};
/* End PBXNativeTarget section */

/* Begin PBXProject section */
		373690B81D7522CC00E04076 /* Project object */ = {
			isa = PBXProject;
			attributes = {
				LastUpgradeCheck = 0730;
				ORGANIZATIONNAME = "小广";
				TargetAttributes = {
					373690BF1D7522CC00E04076 = {
						CreatedOnToolsVersion = 7.3.1;
						ProvisioningStyle = Manual;
					};
					373690D81D7522CC00E04076 = {
						CreatedOnToolsVersion = 7.3.1;
						TestTargetID = 373690BF1D7522CC00E04076;
					};
					373690E31D7522CC00E04076 = {
						CreatedOnToolsVersion = 7.3.1;
						TestTargetID = 373690BF1D7522CC00E04076;
					};
				};
			};
			buildConfigurationList = 373690BB1D7522CC00E04076 /* Build configuration list for PBXProject "XGDevelopDemo" */;
			compatibilityVersion = "Xcode 3.2";
			developmentRegion = English;
			hasScannedForEncodings = 0;
			knownRegions = (
				en,
				Base,
			);
			mainGroup = 373690B71D7522CC00E04076;
			productRefGroup = 373690C11D7522CC00E04076 /* Products */;
			projectDirPath = "";
			projectRoot = "";
			targets = (
				373690BF1D7522CC00E04076 /* XGDevelopDemo */,
				373690D81D7522CC00E04076 /* XGDevelopDemoTests */,
				373690E31D7522CC00E04076 /* XGDevelopDemoUITests */,
			);
		};
/* End PBXProject section */

/* Begin PBXResourcesBuildPhase section */
		373690BE1D7522CC00E04076 /* Resources */ = {
			isa = PBXResourcesBuildPhase;
			buildActionMask = 2147483647;
			files = (
				37862C841D8258BB001318B8 /* XGCollectionController.xib in Resources */,
				37862C991D8258BB001318B8 /* XGDatePicerViewController.xib in Resources */,
				375435691D851A5500851923 /* nav_back@3x.png in Resources */,
				376924A01DE2CF8D00DA356C /* points4.png in Resources */,
				376924A11DE2CF8D00DA356C /* xg_test.html in Resources */,
				37862C951D8258BB001318B8 /* MJPopupViewController.textClipping in Resources */,
				37862C9C1D8258BB001318B8 /* Main.storyboard in Resources */,
				37862C8C1D8258BB001318B8 /* XGCollectionCell.xib in Resources */,
				3769249F1DE2CF8D00DA356C /* points2.png in Resources */,
				37862C9A1D8258BB001318B8 /* Assets.xcassets in Resources */,
				37862C901D8258BB001318B8 /* XGTestCell.xib in Resources */,
				3769249E1DE2CF8D00DA356C /* points1.png in Resources */,
				375435681D851A5500851923 /* nav_back@2x.png in Resources */,
				37862C8E1D8258BB001318B8 /* XGCollectionHeaderView.xib in Resources */,
				37A98CDC1DCC6E9C00AFD09C /* hotpatch.js in Resources */,
				371067E41D829B7E0048CA65 /* XGAutoHeightTabController.xib in Resources */,
				37862C861D8258BB001318B8 /* AddCellDatas.plist in Resources */,
				37862C8A1D8258BB001318B8 /* XGAddCell.xib in Resources */,
				37862C9B1D8258BB001318B8 /* LaunchScreen.storyboard in Resources */,
				37862C821D8258BB001318B8 /* XGAddCellController.xib in Resources */,
				37862C9D1D8258BB001318B8 /* Info.plist in Resources */,
			);
			runOnlyForDeploymentPostprocessing = 0;
		};
		373690D71D7522CC00E04076 /* Resources */ = {
			isa = PBXResourcesBuildPhase;
			buildActionMask = 2147483647;
			files = (
			);
			runOnlyForDeploymentPostprocessing = 0;
		};
		373690E21D7522CC00E04076 /* Resources */ = {
			isa = PBXResourcesBuildPhase;
			buildActionMask = 2147483647;
			files = (
			);
			runOnlyForDeploymentPostprocessing = 0;
		};
/* End PBXResourcesBuildPhase section */

/* Begin PBXShellScriptBuildPhase section */
		2B6CA91FB0C92218917085B1 /* [CP] Check Pods Manifest.lock */ = {
			isa = PBXShellScriptBuildPhase;
			buildActionMask = 2147483647;
			files = (
			);
			inputPaths = (
			);
			name = "[CP] Check Pods Manifest.lock";
			outputPaths = (
			);
			runOnlyForDeploymentPostprocessing = 0;
			shellPath = /bin/sh;
			shellScript = "diff \"${PODS_ROOT}/../Podfile.lock\" \"${PODS_ROOT}/Manifest.lock\" > /dev/null\nif [ $? != 0 ] ; then\n    # print error to STDERR\n    echo \"error: The sandbox is not in sync with the Podfile.lock. Run 'pod install' or update your CocoaPods installation.\" >&2\n    exit 1\nfi\n";
			showEnvVarsInLog = 0;
		};
		2D7C5557054F19D3716D3DC6 /* [CP] Embed Pods Frameworks */ = {
			isa = PBXShellScriptBuildPhase;
			buildActionMask = 2147483647;
			files = (
			);
			inputPaths = (
			);
			name = "[CP] Embed Pods Frameworks";
			outputPaths = (
			);
			runOnlyForDeploymentPostprocessing = 0;
			shellPath = /bin/sh;
			shellScript = "\"${SRCROOT}/Pods/Target Support Files/Pods-XGDevelopDemo/Pods-XGDevelopDemo-frameworks.sh\"\n";
			showEnvVarsInLog = 0;
		};
		AF2F76FA892D2967C9846B4E /* [CP] Copy Pods Resources */ = {
			isa = PBXShellScriptBuildPhase;
			buildActionMask = 2147483647;
			files = (
			);
			inputPaths = (
			);
			name = "[CP] Copy Pods Resources";
			outputPaths = (
			);
			runOnlyForDeploymentPostprocessing = 0;
			shellPath = /bin/sh;
			shellScript = "\"${SRCROOT}/Pods/Target Support Files/Pods-XGDevelopDemo/Pods-XGDevelopDemo-resources.sh\"\n";
			showEnvVarsInLog = 0;
		};
/* End PBXShellScriptBuildPhase section */

/* Begin PBXSourcesBuildPhase section */
		373690BC1D7522CC00E04076 /* Sources */ = {
			isa = PBXSourcesBuildPhase;
			buildActionMask = 2147483647;
			files = (
				37862C911D8258BB001318B8 /* NSObject+Ext.m in Sources */,
				375435601D851A5500851923 /* MSSCalendarCollectionReusableView.m in Sources */,
				37862C871D8258BB001318B8 /* XGAddCellModel.m in Sources */,
				37862C801D8258BB001318B8 /* ViewController.m in Sources */,
				37862C851D8258BB001318B8 /* XGTableTestController.m in Sources */,
				375435631D851A5500851923 /* MSSCalendarManager.m in Sources */,
				37862C941D8258BB001318B8 /* MJPopupBackgroundView.m in Sources */,
				37862C831D8258BB001318B8 /* XGCollectionController.m in Sources */,
				37862C881D8258BB001318B8 /* XGModel.m in Sources */,
				37862C7B1D8258BB001318B8 /* XGNetRequest.m in Sources */,
				37A98CD81DCC5AEA00AFD09C /* WKWebViewBridgeController.m in Sources */,
				37862C8F1D8258BB001318B8 /* XGTestCell.m in Sources */,
				37862C921D8258BB001318B8 /* UIView+Ext.m in Sources */,
				375435611D851A5500851923 /* MSSCalendarCollectionViewCell.m in Sources */,
				37862C8D1D8258BB001318B8 /* XGCollectionHeaderView.m in Sources */,
				37862C7A1D8258BB001318B8 /* XGNetBase.m in Sources */,
				375435621D851A5500851923 /* MSSCalendarHeaderModel.m in Sources */,
				37862C981D8258BB001318B8 /* XGDatePicerViewController.m in Sources */,
				37862C891D8258BB001318B8 /* XGAddCell.m in Sources */,
				371067E31D829B7E0048CA65 /* XGAutoHeightTabController.m in Sources */,
				37862C7F1D8258BB001318B8 /* AppDelegate.m in Sources */,
				375435651D851A5500851923 /* MSSCalendarViewController.m in Sources */,
				37862C811D8258BB001318B8 /* XGAddCellController.m in Sources */,
				37862C8B1D8258BB001318B8 /* XGCollectionCell.m in Sources */,
				37862C931D8258BB001318B8 /* XGChoseDateView.m in Sources */,
				37862C961D8258BB001318B8 /* UIViewController+MJPopupViewController.m in Sources */,
				37862C7E1D8258BB001318B8 /* XGBaseTableController.m in Sources */,
				37862C7C1D8258BB001318B8 /* XGArrayDataSource.m in Sources */,
				375435641D851A5500851923 /* MSSCalendarPopView.m in Sources */,
				37862C7D1D8258BB001318B8 /* XGBaseController.m in Sources */,
				375435661D851A5500851923 /* MSSChineseCalendarManager.m in Sources */,
				378A58D81DDEE6F000A2E4B6 /* XGWKDelegateController.m in Sources */,
				37862C9E1D8258BB001318B8 /* main.m in Sources */,
				378A58D51DDEE62100A2E4B6 /* XGWKWebViewController.m in Sources */,
				37862C971D8258BB001318B8 /* XGAlertTool.m in Sources */,
				375435671D851A5500851923 /* MSSCircleLabel.m in Sources */,
			);
			runOnlyForDeploymentPostprocessing = 0;
		};
		373690D51D7522CC00E04076 /* Sources */ = {
			isa = PBXSourcesBuildPhase;
			buildActionMask = 2147483647;
			files = (
				373690DE1D7522CC00E04076 /* XGDevelopDemoTests.m in Sources */,
			);
			runOnlyForDeploymentPostprocessing = 0;
		};
		373690E01D7522CC00E04076 /* Sources */ = {
			isa = PBXSourcesBuildPhase;
			buildActionMask = 2147483647;
			files = (
				373690E91D7522CC00E04076 /* XGDevelopDemoUITests.m in Sources */,
			);
			runOnlyForDeploymentPostprocessing = 0;
		};
/* End PBXSourcesBuildPhase section */

/* Begin PBXTargetDependency section */
		373690DB1D7522CC00E04076 /* PBXTargetDependency */ = {
			isa = PBXTargetDependency;
			target = 373690BF1D7522CC00E04076 /* XGDevelopDemo */;
			targetProxy = 373690DA1D7522CC00E04076 /* PBXContainerItemProxy */;
		};
		373690E61D7522CC00E04076 /* PBXTargetDependency */ = {
			isa = PBXTargetDependency;
			target = 373690BF1D7522CC00E04076 /* XGDevelopDemo */;
			targetProxy = 373690E51D7522CC00E04076 /* PBXContainerItemProxy */;
		};
/* End PBXTargetDependency section */

/* Begin PBXVariantGroup section */
		37862C741D8258BB001318B8 /* LaunchScreen.storyboard */ = {
			isa = PBXVariantGroup;
			children = (
				37862C751D8258BB001318B8 /* Base */,
			);
			name = LaunchScreen.storyboard;
			sourceTree = "<group>";
		};
		37862C761D8258BB001318B8 /* Main.storyboard */ = {
			isa = PBXVariantGroup;
			children = (
				37862C771D8258BB001318B8 /* Base */,
			);
			name = Main.storyboard;
			sourceTree = "<group>";
		};
/* End PBXVariantGroup section */

/* Begin XCBuildConfiguration section */
		373690EB1D7522CC00E04076 /* Debug */ = {
			isa = XCBuildConfiguration;
			buildSettings = {
				ALWAYS_SEARCH_USER_PATHS = NO;
				CLANG_ANALYZER_NONNULL = YES;
				CLANG_CXX_LANGUAGE_STANDARD = "gnu++0x";
				CLANG_CXX_LIBRARY = "libc++";
				CLANG_ENABLE_MODULES = YES;
				CLANG_ENABLE_OBJC_ARC = YES;
				CLANG_WARN_BOOL_CONVERSION = YES;
				CLANG_WARN_CONSTANT_CONVERSION = YES;
				CLANG_WARN_DIRECT_OBJC_ISA_USAGE = YES_ERROR;
				CLANG_WARN_EMPTY_BODY = YES;
				CLANG_WARN_ENUM_CONVERSION = YES;
				CLANG_WARN_INT_CONVERSION = YES;
				CLANG_WARN_OBJC_ROOT_CLASS = YES_ERROR;
				CLANG_WARN_UNREACHABLE_CODE = YES;
				CLANG_WARN__DUPLICATE_METHOD_MATCH = YES;
				"CODE_SIGN_IDENTITY[sdk=iphoneos*]" = "iPhone Developer";
				COPY_PHASE_STRIP = NO;
				DEBUG_INFORMATION_FORMAT = dwarf;
				ENABLE_STRICT_OBJC_MSGSEND = YES;
				ENABLE_TESTABILITY = YES;
				GCC_C_LANGUAGE_STANDARD = gnu99;
				GCC_DYNAMIC_NO_PIC = NO;
				GCC_NO_COMMON_BLOCKS = YES;
				GCC_OPTIMIZATION_LEVEL = 0;
				GCC_PREPROCESSOR_DEFINITIONS = (
					"DEBUG=1",
					"$(inherited)",
				);
				GCC_WARN_64_TO_32_BIT_CONVERSION = YES;
				GCC_WARN_ABOUT_RETURN_TYPE = YES_ERROR;
				GCC_WARN_UNDECLARED_SELECTOR = YES;
				GCC_WARN_UNINITIALIZED_AUTOS = YES_AGGRESSIVE;
				GCC_WARN_UNUSED_FUNCTION = YES;
				GCC_WARN_UNUSED_VARIABLE = YES;
				IPHONEOS_DEPLOYMENT_TARGET = 8.0;
				MTL_ENABLE_DEBUG_INFO = YES;
				ONLY_ACTIVE_ARCH = YES;
				SDKROOT = iphoneos;
				TARGETED_DEVICE_FAMILY = "1,2";
			};
			name = Debug;
		};
		373690EC1D7522CC00E04076 /* Release */ = {
			isa = XCBuildConfiguration;
			buildSettings = {
				ALWAYS_SEARCH_USER_PATHS = NO;
				CLANG_ANALYZER_NONNULL = YES;
				CLANG_CXX_LANGUAGE_STANDARD = "gnu++0x";
				CLANG_CXX_LIBRARY = "libc++";
				CLANG_ENABLE_MODULES = YES;
				CLANG_ENABLE_OBJC_ARC = YES;
				CLANG_WARN_BOOL_CONVERSION = YES;
				CLANG_WARN_CONSTANT_CONVERSION = YES;
				CLANG_WARN_DIRECT_OBJC_ISA_USAGE = YES_ERROR;
				CLANG_WARN_EMPTY_BODY = YES;
				CLANG_WARN_ENUM_CONVERSION = YES;
				CLANG_WARN_INT_CONVERSION = YES;
				CLANG_WARN_OBJC_ROOT_CLASS = YES_ERROR;
				CLANG_WARN_UNREACHABLE_CODE = YES;
				CLANG_WARN__DUPLICATE_METHOD_MATCH = YES;
				"CODE_SIGN_IDENTITY[sdk=iphoneos*]" = "iPhone Developer";
				COPY_PHASE_STRIP = NO;
				DEBUG_INFORMATION_FORMAT = "dwarf-with-dsym";
				ENABLE_NS_ASSERTIONS = NO;
				ENABLE_STRICT_OBJC_MSGSEND = YES;
				GCC_C_LANGUAGE_STANDARD = gnu99;
				GCC_NO_COMMON_BLOCKS = YES;
				GCC_WARN_64_TO_32_BIT_CONVERSION = YES;
				GCC_WARN_ABOUT_RETURN_TYPE = YES_ERROR;
				GCC_WARN_UNDECLARED_SELECTOR = YES;
				GCC_WARN_UNINITIALIZED_AUTOS = YES_AGGRESSIVE;
				GCC_WARN_UNUSED_FUNCTION = YES;
				GCC_WARN_UNUSED_VARIABLE = YES;
				IPHONEOS_DEPLOYMENT_TARGET = 8.0;
				MTL_ENABLE_DEBUG_INFO = NO;
				SDKROOT = iphoneos;
				TARGETED_DEVICE_FAMILY = "1,2";
				VALIDATE_PRODUCT = YES;
			};
			name = Release;
		};
		373690EE1D7522CC00E04076 /* Debug */ = {
			isa = XCBuildConfiguration;
			baseConfigurationReference = B39BF90DA5AC4210BCB91714 /* Pods-XGDevelopDemo.debug.xcconfig */;
			buildSettings = {
				ASSETCATALOG_COMPILER_APPICON_NAME = AppIcon;
				CODE_SIGN_IDENTITY = "iPhone Developer: Linkou Bian (W9H7VWKM6Q)";
				DEVELOPMENT_TEAM = "";
				GCC_PREFIX_HEADER = "$(SRCROOT)/XGDevelopDemo/Classes/Macro/PrefixHeader.pch";
				INFOPLIST_FILE = "$(SRCROOT)/XGDevelopDemo/Resources/Info.plist";
				IPHONEOS_DEPLOYMENT_TARGET = 8.1;
				LD_RUNPATH_SEARCH_PATHS = "$(inherited) @executable_path/Frameworks";
				PRODUCT_BUNDLE_IDENTIFIER = com.xg.development;
				PRODUCT_NAME = "$(TARGET_NAME)";
				PROVISIONING_PROFILE = "f07af5af-5f08-4c8f-b80f-c5a04e41d92d";
			};
			name = Debug;
		};
		373690EF1D7522CC00E04076 /* Release */ = {
			isa = XCBuildConfiguration;
			baseConfigurationReference = 29003ACEF14963DBB8FDECDB /* Pods-XGDevelopDemo.release.xcconfig */;
			buildSettings = {
				ASSETCATALOG_COMPILER_APPICON_NAME = AppIcon;
				DEVELOPMENT_TEAM = "";
				GCC_PREFIX_HEADER = "$(SRCROOT)/XGDevelopDemo/Classes/Macro/PrefixHeader.pch";
				INFOPLIST_FILE = "$(SRCROOT)/XGDevelopDemo/Resources/Info.plist";
				IPHONEOS_DEPLOYMENT_TARGET = 8.1;
				LD_RUNPATH_SEARCH_PATHS = "$(inherited) @executable_path/Frameworks";
				PRODUCT_BUNDLE_IDENTIFIER = com.xg.development;
				PRODUCT_NAME = "$(TARGET_NAME)";
			};
			name = Release;
		};
		373690F11D7522CC00E04076 /* Debug */ = {
			isa = XCBuildConfiguration;
			buildSettings = {
				BUNDLE_LOADER = "$(TEST_HOST)";
				INFOPLIST_FILE = XGDevelopDemoTests/Info.plist;
				LD_RUNPATH_SEARCH_PATHS = "$(inherited) @executable_path/Frameworks @loader_path/Frameworks";
				PRODUCT_BUNDLE_IDENTIFIER = XG.XGDevelopDemoTests;
				PRODUCT_NAME = "$(TARGET_NAME)";
				TEST_HOST = "$(BUILT_PRODUCTS_DIR)/XGDevelopDemo.app/XGDevelopDemo";
			};
			name = Debug;
		};
		373690F21D7522CC00E04076 /* Release */ = {
			isa = XCBuildConfiguration;
			buildSettings = {
				BUNDLE_LOADER = "$(TEST_HOST)";
				INFOPLIST_FILE = XGDevelopDemoTests/Info.plist;
				LD_RUNPATH_SEARCH_PATHS = "$(inherited) @executable_path/Frameworks @loader_path/Frameworks";
				PRODUCT_BUNDLE_IDENTIFIER = XG.XGDevelopDemoTests;
				PRODUCT_NAME = "$(TARGET_NAME)";
				TEST_HOST = "$(BUILT_PRODUCTS_DIR)/XGDevelopDemo.app/XGDevelopDemo";
			};
			name = Release;
		};
		373690F41D7522CC00E04076 /* Debug */ = {
			isa = XCBuildConfiguration;
			buildSettings = {
				INFOPLIST_FILE = XGDevelopDemoUITests/Info.plist;
				LD_RUNPATH_SEARCH_PATHS = "$(inherited) @executable_path/Frameworks @loader_path/Frameworks";
				PRODUCT_BUNDLE_IDENTIFIER = XG.XGDevelopDemoUITests;
				PRODUCT_NAME = "$(TARGET_NAME)";
				TEST_TARGET_NAME = XGDevelopDemo;
			};
			name = Debug;
		};
		373690F51D7522CC00E04076 /* Release */ = {
			isa = XCBuildConfiguration;
			buildSettings = {
				INFOPLIST_FILE = XGDevelopDemoUITests/Info.plist;
				LD_RUNPATH_SEARCH_PATHS = "$(inherited) @executable_path/Frameworks @loader_path/Frameworks";
				PRODUCT_BUNDLE_IDENTIFIER = XG.XGDevelopDemoUITests;
				PRODUCT_NAME = "$(TARGET_NAME)";
				TEST_TARGET_NAME = XGDevelopDemo;
			};
			name = Release;
		};
/* End XCBuildConfiguration section */

/* Begin XCConfigurationList section */
		373690BB1D7522CC00E04076 /* Build configuration list for PBXProject "XGDevelopDemo" */ = {
			isa = XCConfigurationList;
			buildConfigurations = (
				373690EB1D7522CC00E04076 /* Debug */,
				373690EC1D7522CC00E04076 /* Release */,
			);
			defaultConfigurationIsVisible = 0;
			defaultConfigurationName = Release;
		};
		373690ED1D7522CC00E04076 /* Build configuration list for PBXNativeTarget "XGDevelopDemo" */ = {
			isa = XCConfigurationList;
			buildConfigurations = (
				373690EE1D7522CC00E04076 /* Debug */,
				373690EF1D7522CC00E04076 /* Release */,
			);
			defaultConfigurationIsVisible = 0;
			defaultConfigurationName = Release;
		};
		373690F01D7522CC00E04076 /* Build configuration list for PBXNativeTarget "XGDevelopDemoTests" */ = {
			isa = XCConfigurationList;
			buildConfigurations = (
				373690F11D7522CC00E04076 /* Debug */,
				373690F21D7522CC00E04076 /* Release */,
			);
			defaultConfigurationIsVisible = 0;
			defaultConfigurationName = Release;
		};
		373690F31D7522CC00E04076 /* Build configuration list for PBXNativeTarget "XGDevelopDemoUITests" */ = {
			isa = XCConfigurationList;
			buildConfigurations = (
				373690F41D7522CC00E04076 /* Debug */,
				373690F51D7522CC00E04076 /* Release */,
			);
			defaultConfigurationIsVisible = 0;
			defaultConfigurationName = Release;
		};
/* End XCConfigurationList section */
	};
	rootObject = 373690B81D7522CC00E04076 /* Project object */;
}
