// !$*UTF8*$!
{
	archiveVersion = 1;
	classes = {
	};
	objectVersion = 46;
	objects = {

/* Begin PBXBuildFile section */
		03E8DBA682210C33E3010820 /* libPods-XGDevelopDemo.a in Frameworks */ = {isa = PBXBuildFile; fileRef = D0ADAF9762BA00FCDD832E6D /* libPods-XGDevelopDemo.a */; };
		3703A4861EEAA402008274D8 /* SCShareCollectionViewCell.m in Sources */ = {isa = PBXBuildFile; fileRef = 3703A4841EEAA402008274D8 /* SCShareCollectionViewCell.m */; };
		3703A4871EEAA402008274D8 /* SCShareCollectionViewCell.xib in Resources */ = {isa = PBXBuildFile; fileRef = 3703A4851EEAA402008274D8 /* SCShareCollectionViewCell.xib */; };
		371103261E6580FE00BAF041 /* AddressBook.framework in Frameworks */ = {isa = PBXBuildFile; fileRef = 371103251E6580FE00BAF041 /* AddressBook.framework */; };
		373690DE1D7522CC00E04076 /* XGDevelopDemoTests.m in Sources */ = {isa = PBXBuildFile; fileRef = 373690DD1D7522CC00E04076 /* XGDevelopDemoTests.m */; };
		373690E91D7522CC00E04076 /* XGDevelopDemoUITests.m in Sources */ = {isa = PBXBuildFile; fileRef = 373690E81D7522CC00E04076 /* XGDevelopDemoUITests.m */; };
		375435601D851A5500851923 /* MSSCalendarCollectionReusableView.m in Sources */ = {isa = PBXBuildFile; fileRef = 3754354E1D851A5500851923 /* MSSCalendarCollectionReusableView.m */; };
		375435611D851A5500851923 /* MSSCalendarCollectionViewCell.m in Sources */ = {isa = PBXBuildFile; fileRef = 375435501D851A5500851923 /* MSSCalendarCollectionViewCell.m */; };
		375435621D851A5500851923 /* MSSCalendarHeaderModel.m in Sources */ = {isa = PBXBuildFile; fileRef = 375435531D851A5500851923 /* MSSCalendarHeaderModel.m */; };
		375435631D851A5500851923 /* MSSCalendarManager.m in Sources */ = {isa = PBXBuildFile; fileRef = 375435551D851A5500851923 /* MSSCalendarManager.m */; };
		375435641D851A5500851923 /* MSSCalendarPopView.m in Sources */ = {isa = PBXBuildFile; fileRef = 375435571D851A5500851923 /* MSSCalendarPopView.m */; };
		375435651D851A5500851923 /* MSSCalendarViewController.m in Sources */ = {isa = PBXBuildFile; fileRef = 375435591D851A5500851923 /* MSSCalendarViewController.m */; };
		375435661D851A5500851923 /* MSSChineseCalendarManager.m in Sources */ = {isa = PBXBuildFile; fileRef = 3754355B1D851A5500851923 /* MSSChineseCalendarManager.m */; };
		375435671D851A5500851923 /* MSSCircleLabel.m in Sources */ = {isa = PBXBuildFile; fileRef = 3754355D1D851A5500851923 /* MSSCircleLabel.m */; };
		375435681D851A5500851923 /* nav_back@2x.png in Resources */ = {isa = PBXBuildFile; fileRef = 3754355E1D851A5500851923 /* nav_back@2x.png */; };
		375435691D851A5500851923 /* nav_back@3x.png in Resources */ = {isa = PBXBuildFile; fileRef = 3754355F1D851A5500851923 /* nav_back@3x.png */; };
		3769249E1DE2CF8D00DA356C /* points1.png in Resources */ = {isa = PBXBuildFile; fileRef = 3769249A1DE2CF8D00DA356C /* points1.png */; };
		3769249F1DE2CF8D00DA356C /* points2.png in Resources */ = {isa = PBXBuildFile; fileRef = 3769249B1DE2CF8D00DA356C /* points2.png */; };
		376924A01DE2CF8D00DA356C /* points4.png in Resources */ = {isa = PBXBuildFile; fileRef = 3769249C1DE2CF8D00DA356C /* points4.png */; };
		376924A11DE2CF8D00DA356C /* xg_test.html in Resources */ = {isa = PBXBuildFile; fileRef = 3769249D1DE2CF8D00DA356C /* xg_test.html */; };
		376924E81DE2D66F00DA356C /* XGCollectionController.m in Sources */ = {isa = PBXBuildFile; fileRef = 376924C31DE2D66F00DA356C /* XGCollectionController.m */; };
		376924E91DE2D66F00DA356C /* XGCollectionController.xib in Resources */ = {isa = PBXBuildFile; fileRef = 376924C41DE2D66F00DA356C /* XGCollectionController.xib */; };
		376924EA1DE2D66F00DA356C /* XGAddCellController.m in Sources */ = {isa = PBXBuildFile; fileRef = 376924C71DE2D66F00DA356C /* XGAddCellController.m */; };
		376924EB1DE2D66F00DA356C /* XGAddCellController.xib in Resources */ = {isa = PBXBuildFile; fileRef = 376924C81DE2D66F00DA356C /* XGAddCellController.xib */; };
		376924EC1DE2D66F00DA356C /* XGAutoHeightTabController.m in Sources */ = {isa = PBXBuildFile; fileRef = 376924CA1DE2D66F00DA356C /* XGAutoHeightTabController.m */; };
		376924ED1DE2D66F00DA356C /* XGAutoHeightTabController.xib in Resources */ = {isa = PBXBuildFile; fileRef = 376924CB1DE2D66F00DA356C /* XGAutoHeightTabController.xib */; };
		376924EE1DE2D66F00DA356C /* XGTableTestController.m in Sources */ = {isa = PBXBuildFile; fileRef = 376924CD1DE2D66F00DA356C /* XGTableTestController.m */; };
		376924EF1DE2D66F00DA356C /* WKWebViewBridgeController.m in Sources */ = {isa = PBXBuildFile; fileRef = 376924D01DE2D66F00DA356C /* WKWebViewBridgeController.m */; };
		376924F01DE2D66F00DA356C /* XGWKDelegateController.m in Sources */ = {isa = PBXBuildFile; fileRef = 376924D21DE2D66F00DA356C /* XGWKDelegateController.m */; };
		376924F11DE2D66F00DA356C /* XGWKWebViewController.m in Sources */ = {isa = PBXBuildFile; fileRef = 376924D41DE2D66F00DA356C /* XGWKWebViewController.m */; };
		376924F21DE2D66F00DA356C /* AddCellDatas.plist in Resources */ = {isa = PBXBuildFile; fileRef = 376924D61DE2D66F00DA356C /* AddCellDatas.plist */; };
		376924F31DE2D66F00DA356C /* XGAddCellModel.m in Sources */ = {isa = PBXBuildFile; fileRef = 376924D81DE2D66F00DA356C /* XGAddCellModel.m */; };
		376924F41DE2D66F00DA356C /* XGModel.m in Sources */ = {isa = PBXBuildFile; fileRef = 376924DA1DE2D66F00DA356C /* XGModel.m */; };
		376924F51DE2D66F00DA356C /* XGAddCell.m in Sources */ = {isa = PBXBuildFile; fileRef = 376924DD1DE2D66F00DA356C /* XGAddCell.m */; };
		376924F61DE2D66F00DA356C /* XGAddCell.xib in Resources */ = {isa = PBXBuildFile; fileRef = 376924DE1DE2D66F00DA356C /* XGAddCell.xib */; };
		376924F71DE2D66F00DA356C /* XGCollectionCell.m in Sources */ = {isa = PBXBuildFile; fileRef = 376924E01DE2D66F00DA356C /* XGCollectionCell.m */; };
		376924F81DE2D66F00DA356C /* XGCollectionCell.xib in Resources */ = {isa = PBXBuildFile; fileRef = 376924E11DE2D66F00DA356C /* XGCollectionCell.xib */; };
		376924F91DE2D66F00DA356C /* XGCollectionHeaderView.m in Sources */ = {isa = PBXBuildFile; fileRef = 376924E31DE2D66F00DA356C /* XGCollectionHeaderView.m */; };
		376924FA1DE2D66F00DA356C /* XGCollectionHeaderView.xib in Resources */ = {isa = PBXBuildFile; fileRef = 376924E41DE2D66F00DA356C /* XGCollectionHeaderView.xib */; };
		376924FB1DE2D66F00DA356C /* XGTestCell.m in Sources */ = {isa = PBXBuildFile; fileRef = 376924E61DE2D66F00DA356C /* XGTestCell.m */; };
		376924FC1DE2D66F00DA356C /* XGTestCell.xib in Resources */ = {isa = PBXBuildFile; fileRef = 376924E71DE2D66F00DA356C /* XGTestCell.xib */; };
		376925081DE2E45D00DA356C /* NSString+Ext.m in Sources */ = {isa = PBXBuildFile; fileRef = 376925071DE2E45D00DA356C /* NSString+Ext.m */; };
		377869881EEB953800BA2B58 /* SCSharePlatformMenu.m in Sources */ = {isa = PBXBuildFile; fileRef = 377869871EEB953800BA2B58 /* SCSharePlatformMenu.m */; };
		37862C7A1D8258BB001318B8 /* XGNetBase.m in Sources */ = {isa = PBXBuildFile; fileRef = 37862C271D8258BB001318B8 /* XGNetBase.m */; };
		37862C7B1D8258BB001318B8 /* XGNetRequest.m in Sources */ = {isa = PBXBuildFile; fileRef = 37862C291D8258BB001318B8 /* XGNetRequest.m */; };
		37862C7C1D8258BB001318B8 /* XGArrayDataSource.m in Sources */ = {isa = PBXBuildFile; fileRef = 37862C2C1D8258BB001318B8 /* XGArrayDataSource.m */; };
		37862C7D1D8258BB001318B8 /* XGBaseController.m in Sources */ = {isa = PBXBuildFile; fileRef = 37862C2E1D8258BB001318B8 /* XGBaseController.m */; };
		37862C7E1D8258BB001318B8 /* XGBaseTableController.m in Sources */ = {isa = PBXBuildFile; fileRef = 37862C301D8258BB001318B8 /* XGBaseTableController.m */; };
		37862C911D8258BB001318B8 /* NSObject+Ext.m in Sources */ = {isa = PBXBuildFile; fileRef = 37862C591D8258BB001318B8 /* NSObject+Ext.m */; };
		37862C921D8258BB001318B8 /* UIView+Ext.m in Sources */ = {isa = PBXBuildFile; fileRef = 37862C5C1D8258BB001318B8 /* UIView+Ext.m */; };
		37862C931D8258BB001318B8 /* XGChoseDateView.m in Sources */ = {isa = PBXBuildFile; fileRef = 37862C5F1D8258BB001318B8 /* XGChoseDateView.m */; };
		37862C941D8258BB001318B8 /* MJPopupBackgroundView.m in Sources */ = {isa = PBXBuildFile; fileRef = 37862C691D8258BB001318B8 /* MJPopupBackgroundView.m */; };
		37862C951D8258BB001318B8 /* MJPopupViewController.textClipping in Resources */ = {isa = PBXBuildFile; fileRef = 37862C6A1D8258BB001318B8 /* MJPopupViewController.textClipping */; };
		37862C961D8258BB001318B8 /* UIViewController+MJPopupViewController.m in Sources */ = {isa = PBXBuildFile; fileRef = 37862C6C1D8258BB001318B8 /* UIViewController+MJPopupViewController.m */; };
		37862C971D8258BB001318B8 /* XGAlertTool.m in Sources */ = {isa = PBXBuildFile; fileRef = 37862C6E1D8258BB001318B8 /* XGAlertTool.m */; };
		37862C981D8258BB001318B8 /* XGDatePicerViewController.m in Sources */ = {isa = PBXBuildFile; fileRef = 37862C701D8258BB001318B8 /* XGDatePicerViewController.m */; };
		37862C991D8258BB001318B8 /* XGDatePicerViewController.xib in Resources */ = {isa = PBXBuildFile; fileRef = 37862C711D8258BB001318B8 /* XGDatePicerViewController.xib */; };
		37862C9A1D8258BB001318B8 /* Assets.xcassets in Resources */ = {isa = PBXBuildFile; fileRef = 37862C731D8258BB001318B8 /* Assets.xcassets */; };
		37862C9B1D8258BB001318B8 /* LaunchScreen.storyboard in Resources */ = {isa = PBXBuildFile; fileRef = 37862C741D8258BB001318B8 /* LaunchScreen.storyboard */; };
		37862C9C1D8258BB001318B8 /* Main.storyboard in Resources */ = {isa = PBXBuildFile; fileRef = 37862C761D8258BB001318B8 /* Main.storyboard */; };
		37862C9D1D8258BB001318B8 /* Info.plist in Resources */ = {isa = PBXBuildFile; fileRef = 37862C781D8258BB001318B8 /* Info.plist */; };
		37862C9E1D8258BB001318B8 /* main.m in Sources */ = {isa = PBXBuildFile; fileRef = 37862C791D8258BB001318B8 /* main.m */; };
		37A98CDC1DCC6E9C00AFD09C /* hotpatch.js in Resources */ = {isa = PBXBuildFile; fileRef = 37A98CDB1DCC6E9C00AFD09C /* hotpatch.js */; };
		37ABE0631DED294900E58619 /* XGQRScanView.m in Sources */ = {isa = PBXBuildFile; fileRef = 37ABE0621DED294900E58619 /* XGQRScanView.m */; };
		37ABE0671DED33E300E58619 /* XGSacnController.m in Sources */ = {isa = PBXBuildFile; fileRef = 37ABE0661DED33E300E58619 /* XGSacnController.m */; };
		37ABE06C1DED4D1C00E58619 /* beep.wav in Resources */ = {isa = PBXBuildFile; fileRef = 37ABE0691DED4D1C00E58619 /* beep.wav */; };
		37ABE06D1DED4D1C00E58619 /* XGSoundHelper.m in Sources */ = {isa = PBXBuildFile; fileRef = 37ABE06B1DED4D1C00E58619 /* XGSoundHelper.m */; };
		37ABE0701DED591C00E58619 /* UIImage+XJHResize.m in Sources */ = {isa = PBXBuildFile; fileRef = 37ABE06F1DED591C00E58619 /* UIImage+XJHResize.m */; };
		37AD024E1E95E5D50075CA53 /* UIControl+Delay.m in Sources */ = {isa = PBXBuildFile; fileRef = 37AD024D1E95E5D50075CA53 /* UIControl+Delay.m */; };
		37E533241DF1535B00A1EB66 /* XGSearchController.m in Sources */ = {isa = PBXBuildFile; fileRef = 37E533221DF1535B00A1EB66 /* XGSearchController.m */; };
		37E533251DF1535B00A1EB66 /* XGSearchController.xib in Resources */ = {isa = PBXBuildFile; fileRef = 37E533231DF1535B00A1EB66 /* XGSearchController.xib */; };
		37E533291DF1537500A1EB66 /* XGSearchResultController.m in Sources */ = {isa = PBXBuildFile; fileRef = 37E533271DF1537500A1EB66 /* XGSearchResultController.m */; };
		37E5332A1DF1537500A1EB66 /* XGSearchResultController.xib in Resources */ = {isa = PBXBuildFile; fileRef = 37E533281DF1537500A1EB66 /* XGSearchResultController.xib */; };
		B94F4EC01F135F0300CCDC58 /* UITableView+FDIndexPathHeightCache.m in Sources */ = {isa = PBXBuildFile; fileRef = B94F4EB71F135F0300CCDC58 /* UITableView+FDIndexPathHeightCache.m */; };
		B94F4EC11F135F0300CCDC58 /* UITableView+FDKeyedHeightCache.m in Sources */ = {isa = PBXBuildFile; fileRef = B94F4EB91F135F0300CCDC58 /* UITableView+FDKeyedHeightCache.m */; };
		B94F4EC21F135F0300CCDC58 /* UITableView+FDTemplateLayoutCell.m in Sources */ = {isa = PBXBuildFile; fileRef = B94F4EBB1F135F0300CCDC58 /* UITableView+FDTemplateLayoutCell.m */; };
		B94F4EC31F135F0300CCDC58 /* UITableView+FDTemplateLayoutCellDebug.m in Sources */ = {isa = PBXBuildFile; fileRef = B94F4EBD1F135F0300CCDC58 /* UITableView+FDTemplateLayoutCellDebug.m */; };
		B94F4EC41F135F0300CCDC58 /* LICENSE in Resources */ = {isa = PBXBuildFile; fileRef = B94F4EBE1F135F0300CCDC58 /* LICENSE */; };
		B94F4EC51F135F0300CCDC58 /* README.md in Sources */ = {isa = PBXBuildFile; fileRef = B94F4EBF1F135F0300CCDC58 /* README.md */; };
		B94F4ECC1F13604300CCDC58 /* ViewController.m in Sources */ = {isa = PBXBuildFile; fileRef = B94F4ECA1F13604300CCDC58 /* ViewController.m */; };
		B94F4ED01F13607D00CCDC58 /* AppDelegate.m in Sources */ = {isa = PBXBuildFile; fileRef = B94F4ECF1F13607D00CCDC58 /* AppDelegate.m */; };
/* End PBXBuildFile section */

/* Begin PBXContainerItemProxy section */
		373690DA1D7522CC00E04076 /* PBXContainerItemProxy */ = {
			isa = PBXContainerItemProxy;
			containerPortal = 373690B81D7522CC00E04076 /* Project object */;
			proxyType = 1;
			remoteGlobalIDString = 373690BF1D7522CC00E04076;
			remoteInfo = XGDevelopDemo;
		};
		373690E51D7522CC00E04076 /* PBXContainerItemProxy */ = {
			isa = PBXContainerItemProxy;
			containerPortal = 373690B81D7522CC00E04076 /* Project object */;
			proxyType = 1;
			remoteGlobalIDString = 373690BF1D7522CC00E04076;
			remoteInfo = XGDevelopDemo;
		};
/* End PBXContainerItemProxy section */

/* Begin PBXFileReference section */
		29003ACEF14963DBB8FDECDB /* Pods-XGDevelopDemo.release.xcconfig */ = {isa = PBXFileReference; includeInIndex = 1; lastKnownFileType = text.xcconfig; name = "Pods-XGDevelopDemo.release.xcconfig"; path = "Pods/Target Support Files/Pods-XGDevelopDemo/Pods-XGDevelopDemo.release.xcconfig"; sourceTree = "<group>"; };
		3703A4831EEAA402008274D8 /* SCShareCollectionViewCell.h */ = {isa = PBXFileReference; fileEncoding = 4; lastKnownFileType = sourcecode.c.h; path = SCShareCollectionViewCell.h; sourceTree = "<group>"; };
		3703A4841EEAA402008274D8 /* SCShareCollectionViewCell.m */ = {isa = PBXFileReference; fileEncoding = 4; lastKnownFileType = sourcecode.c.objc; path = SCShareCollectionViewCell.m; sourceTree = "<group>"; };
		3703A4851EEAA402008274D8 /* SCShareCollectionViewCell.xib */ = {isa = PBXFileReference; fileEncoding = 4; lastKnownFileType = file.xib; path = SCShareCollectionViewCell.xib; sourceTree = "<group>"; };
		371103251E6580FE00BAF041 /* AddressBook.framework */ = {isa = PBXFileReference; lastKnownFileType = wrapper.framework; name = AddressBook.framework; path = System/Library/Frameworks/AddressBook.framework; sourceTree = SDKROOT; };
		373690C01D7522CC00E04076 /* XGDevelopDemo.app */ = {isa = PBXFileReference; explicitFileType = wrapper.application; includeInIndex = 0; path = XGDevelopDemo.app; sourceTree = BUILT_PRODUCTS_DIR; };
		373690D91D7522CC00E04076 /* XGDevelopDemoTests.xctest */ = {isa = PBXFileReference; explicitFileType = wrapper.cfbundle; includeInIndex = 0; path = XGDevelopDemoTests.xctest; sourceTree = BUILT_PRODUCTS_DIR; };
		373690DD1D7522CC00E04076 /* XGDevelopDemoTests.m */ = {isa = PBXFileReference; lastKnownFileType = sourcecode.c.objc; path = XGDevelopDemoTests.m; sourceTree = "<group>"; };
		373690DF1D7522CC00E04076 /* Info.plist */ = {isa = PBXFileReference; lastKnownFileType = text.plist.xml; path = Info.plist; sourceTree = "<group>"; };
		373690E41D7522CC00E04076 /* XGDevelopDemoUITests.xctest */ = {isa = PBXFileReference; explicitFileType = wrapper.cfbundle; includeInIndex = 0; path = XGDevelopDemoUITests.xctest; sourceTree = BUILT_PRODUCTS_DIR; };
		373690E81D7522CC00E04076 /* XGDevelopDemoUITests.m */ = {isa = PBXFileReference; lastKnownFileType = sourcecode.c.objc; path = XGDevelopDemoUITests.m; sourceTree = "<group>"; };
		373690EA1D7522CC00E04076 /* Info.plist */ = {isa = PBXFileReference; lastKnownFileType = text.plist.xml; path = Info.plist; sourceTree = "<group>"; };
		3754354D1D851A5500851923 /* MSSCalendarCollectionReusableView.h */ = {isa = PBXFileReference; fileEncoding = 4; lastKnownFileType = sourcecode.c.h; path = MSSCalendarCollectionReusableView.h; sourceTree = "<group>"; };
		3754354E1D851A5500851923 /* MSSCalendarCollectionReusableView.m */ = {isa = PBXFileReference; fileEncoding = 4; lastKnownFileType = sourcecode.c.objc; path = MSSCalendarCollectionReusableView.m; sourceTree = "<group>"; };
		3754354F1D851A5500851923 /* MSSCalendarCollectionViewCell.h */ = {isa = PBXFileReference; fileEncoding = 4; lastKnownFileType = sourcecode.c.h; path = MSSCalendarCollectionViewCell.h; sourceTree = "<group>"; };
		375435501D851A5500851923 /* MSSCalendarCollectionViewCell.m */ = {isa = PBXFileReference; fileEncoding = 4; lastKnownFileType = sourcecode.c.objc; path = MSSCalendarCollectionViewCell.m; sourceTree = "<group>"; };
		375435511D851A5500851923 /* MSSCalendarDefine.h */ = {isa = PBXFileReference; fileEncoding = 4; lastKnownFileType = sourcecode.c.h; path = MSSCalendarDefine.h; sourceTree = "<group>"; };
		375435521D851A5500851923 /* MSSCalendarHeaderModel.h */ = {isa = PBXFileReference; fileEncoding = 4; lastKnownFileType = sourcecode.c.h; path = MSSCalendarHeaderModel.h; sourceTree = "<group>"; };
		375435531D851A5500851923 /* MSSCalendarHeaderModel.m */ = {isa = PBXFileReference; fileEncoding = 4; lastKnownFileType = sourcecode.c.objc; path = MSSCalendarHeaderModel.m; sourceTree = "<group>"; };
		375435541D851A5500851923 /* MSSCalendarManager.h */ = {isa = PBXFileReference; fileEncoding = 4; lastKnownFileType = sourcecode.c.h; path = MSSCalendarManager.h; sourceTree = "<group>"; };
		375435551D851A5500851923 /* MSSCalendarManager.m */ = {isa = PBXFileReference; fileEncoding = 4; lastKnownFileType = sourcecode.c.objc; path = MSSCalendarManager.m; sourceTree = "<group>"; };
		375435561D851A5500851923 /* MSSCalendarPopView.h */ = {isa = PBXFileReference; fileEncoding = 4; lastKnownFileType = sourcecode.c.h; path = MSSCalendarPopView.h; sourceTree = "<group>"; };
		375435571D851A5500851923 /* MSSCalendarPopView.m */ = {isa = PBXFileReference; fileEncoding = 4; lastKnownFileType = sourcecode.c.objc; path = MSSCalendarPopView.m; sourceTree = "<group>"; };
		375435581D851A5500851923 /* MSSCalendarViewController.h */ = {isa = PBXFileReference; fileEncoding = 4; lastKnownFileType = sourcecode.c.h; path = MSSCalendarViewController.h; sourceTree = "<group>"; };
		375435591D851A5500851923 /* MSSCalendarViewController.m */ = {isa = PBXFileReference; fileEncoding = 4; lastKnownFileType = sourcecode.c.objc; path = MSSCalendarViewController.m; sourceTree = "<group>"; };
		3754355A1D851A5500851923 /* MSSChineseCalendarManager.h */ = {isa = PBXFileReference; fileEncoding = 4; lastKnownFileType = sourcecode.c.h; path = MSSChineseCalendarManager.h; sourceTree = "<group>"; };
		3754355B1D851A5500851923 /* MSSChineseCalendarManager.m */ = {isa = PBXFileReference; fileEncoding = 4; lastKnownFileType = sourcecode.c.objc; path = MSSChineseCalendarManager.m; sourceTree = "<group>"; };
		3754355C1D851A5500851923 /* MSSCircleLabel.h */ = {isa = PBXFileReference; fileEncoding = 4; lastKnownFileType = sourcecode.c.h; path = MSSCircleLabel.h; sourceTree = "<group>"; };
		3754355D1D851A5500851923 /* MSSCircleLabel.m */ = {isa = PBXFileReference; fileEncoding = 4; lastKnownFileType = sourcecode.c.objc; path = MSSCircleLabel.m; sourceTree = "<group>"; };
		3754355E1D851A5500851923 /* nav_back@2x.png */ = {isa = PBXFileReference; lastKnownFileType = image.png; path = "nav_back@2x.png"; sourceTree = "<group>"; };
		3754355F1D851A5500851923 /* nav_back@3x.png */ = {isa = PBXFileReference; lastKnownFileType = image.png; path = "nav_back@3x.png"; sourceTree = "<group>"; };
		3769249A1DE2CF8D00DA356C /* points1.png */ = {isa = PBXFileReference; lastKnownFileType = image.png; path = points1.png; sourceTree = "<group>"; };
		3769249B1DE2CF8D00DA356C /* points2.png */ = {isa = PBXFileReference; lastKnownFileType = image.png; path = points2.png; sourceTree = "<group>"; };
		3769249C1DE2CF8D00DA356C /* points4.png */ = {isa = PBXFileReference; lastKnownFileType = image.png; path = points4.png; sourceTree = "<group>"; };
		3769249D1DE2CF8D00DA356C /* xg_test.html */ = {isa = PBXFileReference; fileEncoding = 4; lastKnownFileType = text.html; path = xg_test.html; sourceTree = "<group>"; };
		376924C21DE2D66F00DA356C /* XGCollectionController.h */ = {isa = PBXFileReference; fileEncoding = 4; lastKnownFileType = sourcecode.c.h; path = XGCollectionController.h; sourceTree = "<group>"; };
		376924C31DE2D66F00DA356C /* XGCollectionController.m */ = {isa = PBXFileReference; fileEncoding = 4; lastKnownFileType = sourcecode.c.objc; path = XGCollectionController.m; sourceTree = "<group>"; };
		376924C41DE2D66F00DA356C /* XGCollectionController.xib */ = {isa = PBXFileReference; fileEncoding = 4; lastKnownFileType = file.xib; path = XGCollectionController.xib; sourceTree = "<group>"; };
		376924C61DE2D66F00DA356C /* XGAddCellController.h */ = {isa = PBXFileReference; fileEncoding = 4; lastKnownFileType = sourcecode.c.h; path = XGAddCellController.h; sourceTree = "<group>"; };
		376924C71DE2D66F00DA356C /* XGAddCellController.m */ = {isa = PBXFileReference; fileEncoding = 4; lastKnownFileType = sourcecode.c.objc; path = XGAddCellController.m; sourceTree = "<group>"; };
		376924C81DE2D66F00DA356C /* XGAddCellController.xib */ = {isa = PBXFileReference; fileEncoding = 4; lastKnownFileType = file.xib; path = XGAddCellController.xib; sourceTree = "<group>"; };
		376924C91DE2D66F00DA356C /* XGAutoHeightTabController.h */ = {isa = PBXFileReference; fileEncoding = 4; lastKnownFileType = sourcecode.c.h; path = XGAutoHeightTabController.h; sourceTree = "<group>"; };
		376924CA1DE2D66F00DA356C /* XGAutoHeightTabController.m */ = {isa = PBXFileReference; fileEncoding = 4; lastKnownFileType = sourcecode.c.objc; path = XGAutoHeightTabController.m; sourceTree = "<group>"; };
		376924CB1DE2D66F00DA356C /* XGAutoHeightTabController.xib */ = {isa = PBXFileReference; fileEncoding = 4; lastKnownFileType = file.xib; path = XGAutoHeightTabController.xib; sourceTree = "<group>"; };
		376924CC1DE2D66F00DA356C /* XGTableTestController.h */ = {isa = PBXFileReference; fileEncoding = 4; lastKnownFileType = sourcecode.c.h; path = XGTableTestController.h; sourceTree = "<group>"; };
		376924CD1DE2D66F00DA356C /* XGTableTestController.m */ = {isa = PBXFileReference; fileEncoding = 4; lastKnownFileType = sourcecode.c.objc; path = XGTableTestController.m; sourceTree = "<group>"; };
		376924CF1DE2D66F00DA356C /* WKWebViewBridgeController.h */ = {isa = PBXFileReference; fileEncoding = 4; lastKnownFileType = sourcecode.c.h; path = WKWebViewBridgeController.h; sourceTree = "<group>"; };
		376924D01DE2D66F00DA356C /* WKWebViewBridgeController.m */ = {isa = PBXFileReference; fileEncoding = 4; lastKnownFileType = sourcecode.c.objc; path = WKWebViewBridgeController.m; sourceTree = "<group>"; };
		376924D11DE2D66F00DA356C /* XGWKDelegateController.h */ = {isa = PBXFileReference; fileEncoding = 4; lastKnownFileType = sourcecode.c.h; path = XGWKDelegateController.h; sourceTree = "<group>"; };
		376924D21DE2D66F00DA356C /* XGWKDelegateController.m */ = {isa = PBXFileReference; fileEncoding = 4; lastKnownFileType = sourcecode.c.objc; path = XGWKDelegateController.m; sourceTree = "<group>"; };
		376924D31DE2D66F00DA356C /* XGWKWebViewController.h */ = {isa = PBXFileReference; fileEncoding = 4; lastKnownFileType = sourcecode.c.h; path = XGWKWebViewController.h; sourceTree = "<group>"; };
		376924D41DE2D66F00DA356C /* XGWKWebViewController.m */ = {isa = PBXFileReference; fileEncoding = 4; lastKnownFileType = sourcecode.c.objc; path = XGWKWebViewController.m; sourceTree = "<group>"; };
		376924D61DE2D66F00DA356C /* AddCellDatas.plist */ = {isa = PBXFileReference; fileEncoding = 4; lastKnownFileType = text.plist.xml; path = AddCellDatas.plist; sourceTree = "<group>"; };
		376924D71DE2D66F00DA356C /* XGAddCellModel.h */ = {isa = PBXFileReference; fileEncoding = 4; lastKnownFileType = sourcecode.c.h; path = XGAddCellModel.h; sourceTree = "<group>"; };
		376924D81DE2D66F00DA356C /* XGAddCellModel.m */ = {isa = PBXFileReference; fileEncoding = 4; lastKnownFileType = sourcecode.c.objc; path = XGAddCellModel.m; sourceTree = "<group>"; };
		376924D91DE2D66F00DA356C /* XGModel.h */ = {isa = PBXFileReference; fileEncoding = 4; lastKnownFileType = sourcecode.c.h; path = XGModel.h; sourceTree = "<group>"; };
		376924DA1DE2D66F00DA356C /* XGModel.m */ = {isa = PBXFileReference; fileEncoding = 4; lastKnownFileType = sourcecode.c.objc; path = XGModel.m; sourceTree = "<group>"; };
		376924DC1DE2D66F00DA356C /* XGAddCell.h */ = {isa = PBXFileReference; fileEncoding = 4; lastKnownFileType = sourcecode.c.h; path = XGAddCell.h; sourceTree = "<group>"; };
		376924DD1DE2D66F00DA356C /* XGAddCell.m */ = {isa = PBXFileReference; fileEncoding = 4; lastKnownFileType = sourcecode.c.objc; path = XGAddCell.m; sourceTree = "<group>"; };
		376924DE1DE2D66F00DA356C /* XGAddCell.xib */ = {isa = PBXFileReference; fileEncoding = 4; lastKnownFileType = file.xib; path = XGAddCell.xib; sourceTree = "<group>"; };
		376924DF1DE2D66F00DA356C /* XGCollectionCell.h */ = {isa = PBXFileReference; fileEncoding = 4; lastKnownFileType = sourcecode.c.h; path = XGCollectionCell.h; sourceTree = "<group>"; };
		376924E01DE2D66F00DA356C /* XGCollectionCell.m */ = {isa = PBXFileReference; fileEncoding = 4; lastKnownFileType = sourcecode.c.objc; path = XGCollectionCell.m; sourceTree = "<group>"; };
		376924E11DE2D66F00DA356C /* XGCollectionCell.xib */ = {isa = PBXFileReference; fileEncoding = 4; lastKnownFileType = file.xib; path = XGCollectionCell.xib; sourceTree = "<group>"; };
		376924E21DE2D66F00DA356C /* XGCollectionHeaderView.h */ = {isa = PBXFileReference; fileEncoding = 4; lastKnownFileType = sourcecode.c.h; path = XGCollectionHeaderView.h; sourceTree = "<group>"; };
		376924E31DE2D66F00DA356C /* XGCollectionHeaderView.m */ = {isa = PBXFileReference; fileEncoding = 4; lastKnownFileType = sourcecode.c.objc; path = XGCollectionHeaderView.m; sourceTree = "<group>"; };
		376924E41DE2D66F00DA356C /* XGCollectionHeaderView.xib */ = {isa = PBXFileReference; fileEncoding = 4; lastKnownFileType = file.xib; path = XGCollectionHeaderView.xib; sourceTree = "<group>"; };
		376924E51DE2D66F00DA356C /* XGTestCell.h */ = {isa = PBXFileReference; fileEncoding = 4; lastKnownFileType = sourcecode.c.h; path = XGTestCell.h; sourceTree = "<group>"; };
		376924E61DE2D66F00DA356C /* XGTestCell.m */ = {isa = PBXFileReference; fileEncoding = 4; lastKnownFileType = sourcecode.c.objc; path = XGTestCell.m; sourceTree = "<group>"; };
		376924E71DE2D66F00DA356C /* XGTestCell.xib */ = {isa = PBXFileReference; fileEncoding = 4; lastKnownFileType = file.xib; path = XGTestCell.xib; sourceTree = "<group>"; };
		376925061DE2E45D00DA356C /* NSString+Ext.h */ = {isa = PBXFileReference; fileEncoding = 4; lastKnownFileType = sourcecode.c.h; path = "NSString+Ext.h"; sourceTree = "<group>"; };
		376925071DE2E45D00DA356C /* NSString+Ext.m */ = {isa = PBXFileReference; fileEncoding = 4; lastKnownFileType = sourcecode.c.objc; path = "NSString+Ext.m"; sourceTree = "<group>"; };
		377869861EEB953800BA2B58 /* SCSharePlatformMenu.h */ = {isa = PBXFileReference; fileEncoding = 4; lastKnownFileType = sourcecode.c.h; path = SCSharePlatformMenu.h; sourceTree = "<group>"; };
		377869871EEB953800BA2B58 /* SCSharePlatformMenu.m */ = {isa = PBXFileReference; fileEncoding = 4; lastKnownFileType = sourcecode.c.objc; path = SCSharePlatformMenu.m; sourceTree = "<group>"; };
		37862C261D8258BB001318B8 /* XGNetBase.h */ = {isa = PBXFileReference; fileEncoding = 4; lastKnownFileType = sourcecode.c.h; path = XGNetBase.h; sourceTree = "<group>"; };
		37862C271D8258BB001318B8 /* XGNetBase.m */ = {isa = PBXFileReference; fileEncoding = 4; lastKnownFileType = sourcecode.c.objc; path = XGNetBase.m; sourceTree = "<group>"; };
		37862C281D8258BB001318B8 /* XGNetRequest.h */ = {isa = PBXFileReference; fileEncoding = 4; lastKnownFileType = sourcecode.c.h; path = XGNetRequest.h; sourceTree = "<group>"; };
		37862C291D8258BB001318B8 /* XGNetRequest.m */ = {isa = PBXFileReference; fileEncoding = 4; lastKnownFileType = sourcecode.c.objc; path = XGNetRequest.m; sourceTree = "<group>"; };
		37862C2B1D8258BB001318B8 /* XGArrayDataSource.h */ = {isa = PBXFileReference; fileEncoding = 4; lastKnownFileType = sourcecode.c.h; path = XGArrayDataSource.h; sourceTree = "<group>"; };
		37862C2C1D8258BB001318B8 /* XGArrayDataSource.m */ = {isa = PBXFileReference; fileEncoding = 4; lastKnownFileType = sourcecode.c.objc; path = XGArrayDataSource.m; sourceTree = "<group>"; };
		37862C2D1D8258BB001318B8 /* XGBaseController.h */ = {isa = PBXFileReference; fileEncoding = 4; lastKnownFileType = sourcecode.c.h; path = XGBaseController.h; sourceTree = "<group>"; };
		37862C2E1D8258BB001318B8 /* XGBaseController.m */ = {isa = PBXFileReference; fileEncoding = 4; lastKnownFileType = sourcecode.c.objc; path = XGBaseController.m; sourceTree = "<group>"; };
		37862C2F1D8258BB001318B8 /* XGBaseTableController.h */ = {isa = PBXFileReference; fileEncoding = 4; lastKnownFileType = sourcecode.c.h; path = XGBaseTableController.h; sourceTree = "<group>"; };
		37862C301D8258BB001318B8 /* XGBaseTableController.m */ = {isa = PBXFileReference; fileEncoding = 4; lastKnownFileType = sourcecode.c.objc; path = XGBaseTableController.m; sourceTree = "<group>"; };
		37862C581D8258BB001318B8 /* NSObject+Ext.h */ = {isa = PBXFileReference; fileEncoding = 4; lastKnownFileType = sourcecode.c.h; path = "NSObject+Ext.h"; sourceTree = "<group>"; };
		37862C591D8258BB001318B8 /* NSObject+Ext.m */ = {isa = PBXFileReference; fileEncoding = 4; lastKnownFileType = sourcecode.c.objc; path = "NSObject+Ext.m"; sourceTree = "<group>"; };
		37862C5B1D8258BB001318B8 /* UIView+Ext.h */ = {isa = PBXFileReference; fileEncoding = 4; lastKnownFileType = sourcecode.c.h; path = "UIView+Ext.h"; sourceTree = "<group>"; };
		37862C5C1D8258BB001318B8 /* UIView+Ext.m */ = {isa = PBXFileReference; fileEncoding = 4; lastKnownFileType = sourcecode.c.objc; path = "UIView+Ext.m"; sourceTree = "<group>"; };
		37862C5E1D8258BB001318B8 /* XGChoseDateView.h */ = {isa = PBXFileReference; fileEncoding = 4; lastKnownFileType = sourcecode.c.h; path = XGChoseDateView.h; sourceTree = "<group>"; };
		37862C5F1D8258BB001318B8 /* XGChoseDateView.m */ = {isa = PBXFileReference; fileEncoding = 4; lastKnownFileType = sourcecode.c.objc; path = XGChoseDateView.m; sourceTree = "<group>"; };
		37862C611D8258BB001318B8 /* PrefixHeader.pch */ = {isa = PBXFileReference; fileEncoding = 4; lastKnownFileType = sourcecode.c.h; path = PrefixHeader.pch; sourceTree = "<group>"; };
		37862C621D8258BB001318B8 /* XGCommonMacro.h */ = {isa = PBXFileReference; fileEncoding = 4; lastKnownFileType = sourcecode.c.h; path = XGCommonMacro.h; sourceTree = "<group>"; };
		37862C631D8258BB001318B8 /* XGDefineCode.h */ = {isa = PBXFileReference; fileEncoding = 4; lastKnownFileType = sourcecode.c.h; path = XGDefineCode.h; sourceTree = "<group>"; };
		37862C641D8258BB001318B8 /* XGUrlMacro.h */ = {isa = PBXFileReference; fileEncoding = 4; lastKnownFileType = sourcecode.c.h; path = XGUrlMacro.h; sourceTree = "<group>"; };
		37862C681D8258BB001318B8 /* MJPopupBackgroundView.h */ = {isa = PBXFileReference; fileEncoding = 4; lastKnownFileType = sourcecode.c.h; path = MJPopupBackgroundView.h; sourceTree = "<group>"; };
		37862C691D8258BB001318B8 /* MJPopupBackgroundView.m */ = {isa = PBXFileReference; fileEncoding = 4; lastKnownFileType = sourcecode.c.objc; path = MJPopupBackgroundView.m; sourceTree = "<group>"; };
		37862C6A1D8258BB001318B8 /* MJPopupViewController.textClipping */ = {isa = PBXFileReference; fileEncoding = 4; lastKnownFileType = text; path = MJPopupViewController.textClipping; sourceTree = "<group>"; };
		37862C6B1D8258BB001318B8 /* UIViewController+MJPopupViewController.h */ = {isa = PBXFileReference; fileEncoding = 4; lastKnownFileType = sourcecode.c.h; path = "UIViewController+MJPopupViewController.h"; sourceTree = "<group>"; };
		37862C6C1D8258BB001318B8 /* UIViewController+MJPopupViewController.m */ = {isa = PBXFileReference; fileEncoding = 4; lastKnownFileType = sourcecode.c.objc; path = "UIViewController+MJPopupViewController.m"; sourceTree = "<group>"; };
		37862C6D1D8258BB001318B8 /* XGAlertTool.h */ = {isa = PBXFileReference; fileEncoding = 4; lastKnownFileType = sourcecode.c.h; path = XGAlertTool.h; sourceTree = "<group>"; };
		37862C6E1D8258BB001318B8 /* XGAlertTool.m */ = {isa = PBXFileReference; fileEncoding = 4; lastKnownFileType = sourcecode.c.objc; path = XGAlertTool.m; sourceTree = "<group>"; };
		37862C6F1D8258BB001318B8 /* XGDatePicerViewController.h */ = {isa = PBXFileReference; fileEncoding = 4; lastKnownFileType = sourcecode.c.h; path = XGDatePicerViewController.h; sourceTree = "<group>"; };
		37862C701D8258BB001318B8 /* XGDatePicerViewController.m */ = {isa = PBXFileReference; fileEncoding = 4; lastKnownFileType = sourcecode.c.objc; path = XGDatePicerViewController.m; sourceTree = "<group>"; };
		37862C711D8258BB001318B8 /* XGDatePicerViewController.xib */ = {isa = PBXFileReference; fileEncoding = 4; lastKnownFileType = file.xib; path = XGDatePicerViewController.xib; sourceTree = "<group>"; };
		37862C731D8258BB001318B8 /* Assets.xcassets */ = {isa = PBXFileReference; lastKnownFileType = folder.assetcatalog; path = Assets.xcassets; sourceTree = "<group>"; };
		37862C751D8258BB001318B8 /* Base */ = {isa = PBXFileReference; lastKnownFileType = file.storyboard; name = Base; path = Base.lproj/LaunchScreen.storyboard; sourceTree = "<group>"; };
		37862C771D8258BB001318B8 /* Base */ = {isa = PBXFileReference; lastKnownFileType = file.storyboard; name = Base; path = Base.lproj/Main.storyboard; sourceTree = "<group>"; };
		37862C781D8258BB001318B8 /* Info.plist */ = {isa = PBXFileReference; fileEncoding = 4; lastKnownFileType = text.plist.xml; path = Info.plist; sourceTree = "<group>"; };
		37862C791D8258BB001318B8 /* main.m */ = {isa = PBXFileReference; fileEncoding = 4; lastKnownFileType = sourcecode.c.objc; path = main.m; sourceTree = "<group>"; };
		37A98CDB1DCC6E9C00AFD09C /* hotpatch.js */ = {isa = PBXFileReference; fileEncoding = 4; lastKnownFileType = sourcecode.javascript; path = hotpatch.js; sourceTree = "<group>"; };
		37ABE0611DED294900E58619 /* XGQRScanView.h */ = {isa = PBXFileReference; fileEncoding = 4; lastKnownFileType = sourcecode.c.h; path = XGQRScanView.h; sourceTree = "<group>"; };
		37ABE0621DED294900E58619 /* XGQRScanView.m */ = {isa = PBXFileReference; fileEncoding = 4; lastKnownFileType = sourcecode.c.objc; path = XGQRScanView.m; sourceTree = "<group>"; };
		37ABE0651DED33E300E58619 /* XGSacnController.h */ = {isa = PBXFileReference; fileEncoding = 4; lastKnownFileType = sourcecode.c.h; path = XGSacnController.h; sourceTree = "<group>"; };
		37ABE0661DED33E300E58619 /* XGSacnController.m */ = {isa = PBXFileReference; fileEncoding = 4; lastKnownFileType = sourcecode.c.objc; path = XGSacnController.m; sourceTree = "<group>"; };
		37ABE0691DED4D1C00E58619 /* beep.wav */ = {isa = PBXFileReference; lastKnownFileType = audio.wav; path = beep.wav; sourceTree = "<group>"; };
		37ABE06A1DED4D1C00E58619 /* XGSoundHelper.h */ = {isa = PBXFileReference; fileEncoding = 4; lastKnownFileType = sourcecode.c.h; path = XGSoundHelper.h; sourceTree = "<group>"; };
		37ABE06B1DED4D1C00E58619 /* XGSoundHelper.m */ = {isa = PBXFileReference; fileEncoding = 4; lastKnownFileType = sourcecode.c.objc; path = XGSoundHelper.m; sourceTree = "<group>"; };
		37ABE06E1DED591C00E58619 /* UIImage+XJHResize.h */ = {isa = PBXFileReference; fileEncoding = 4; lastKnownFileType = sourcecode.c.h; path = "UIImage+XJHResize.h"; sourceTree = "<group>"; };
		37ABE06F1DED591C00E58619 /* UIImage+XJHResize.m */ = {isa = PBXFileReference; fileEncoding = 4; lastKnownFileType = sourcecode.c.objc; path = "UIImage+XJHResize.m"; sourceTree = "<group>"; };
		37AD024C1E95E5D50075CA53 /* UIControl+Delay.h */ = {isa = PBXFileReference; fileEncoding = 4; lastKnownFileType = sourcecode.c.h; path = "UIControl+Delay.h"; sourceTree = "<group>"; };
		37AD024D1E95E5D50075CA53 /* UIControl+Delay.m */ = {isa = PBXFileReference; fileEncoding = 4; lastKnownFileType = sourcecode.c.objc; path = "UIControl+Delay.m"; sourceTree = "<group>"; };
		37E533211DF1535B00A1EB66 /* XGSearchController.h */ = {isa = PBXFileReference; fileEncoding = 4; lastKnownFileType = sourcecode.c.h; path = XGSearchController.h; sourceTree = "<group>"; };
		37E533221DF1535B00A1EB66 /* XGSearchController.m */ = {isa = PBXFileReference; fileEncoding = 4; lastKnownFileType = sourcecode.c.objc; path = XGSearchController.m; sourceTree = "<group>"; };
		37E533231DF1535B00A1EB66 /* XGSearchController.xib */ = {isa = PBXFileReference; fileEncoding = 4; lastKnownFileType = file.xib; path = XGSearchController.xib; sourceTree = "<group>"; };
		37E533261DF1537500A1EB66 /* XGSearchResultController.h */ = {isa = PBXFileReference; fileEncoding = 4; lastKnownFileType = sourcecode.c.h; path = XGSearchResultController.h; sourceTree = "<group>"; };
		37E533271DF1537500A1EB66 /* XGSearchResultController.m */ = {isa = PBXFileReference; fileEncoding = 4; lastKnownFileType = sourcecode.c.objc; path = XGSearchResultController.m; sourceTree = "<group>"; };
		37E533281DF1537500A1EB66 /* XGSearchResultController.xib */ = {isa = PBXFileReference; fileEncoding = 4; lastKnownFileType = file.xib; path = XGSearchResultController.xib; sourceTree = "<group>"; };
		B39BF90DA5AC4210BCB91714 /* Pods-XGDevelopDemo.debug.xcconfig */ = {isa = PBXFileReference; includeInIndex = 1; lastKnownFileType = text.xcconfig; name = "Pods-XGDevelopDemo.debug.xcconfig"; path = "Pods/Target Support Files/Pods-XGDevelopDemo/Pods-XGDevelopDemo.debug.xcconfig"; sourceTree = "<group>"; };
		B94F4EB61F135F0300CCDC58 /* UITableView+FDIndexPathHeightCache.h */ = {isa = PBXFileReference; fileEncoding = 4; lastKnownFileType = sourcecode.c.h; path = "UITableView+FDIndexPathHeightCache.h"; sourceTree = "<group>"; };
		B94F4EB71F135F0300CCDC58 /* UITableView+FDIndexPathHeightCache.m */ = {isa = PBXFileReference; fileEncoding = 4; lastKnownFileType = sourcecode.c.objc; path = "UITableView+FDIndexPathHeightCache.m"; sourceTree = "<group>"; };
		B94F4EB81F135F0300CCDC58 /* UITableView+FDKeyedHeightCache.h */ = {isa = PBXFileReference; fileEncoding = 4; lastKnownFileType = sourcecode.c.h; path = "UITableView+FDKeyedHeightCache.h"; sourceTree = "<group>"; };
		B94F4EB91F135F0300CCDC58 /* UITableView+FDKeyedHeightCache.m */ = {isa = PBXFileReference; fileEncoding = 4; lastKnownFileType = sourcecode.c.objc; path = "UITableView+FDKeyedHeightCache.m"; sourceTree = "<group>"; };
		B94F4EBA1F135F0300CCDC58 /* UITableView+FDTemplateLayoutCell.h */ = {isa = PBXFileReference; fileEncoding = 4; lastKnownFileType = sourcecode.c.h; path = "UITableView+FDTemplateLayoutCell.h"; sourceTree = "<group>"; };
		B94F4EBB1F135F0300CCDC58 /* UITableView+FDTemplateLayoutCell.m */ = {isa = PBXFileReference; fileEncoding = 4; lastKnownFileType = sourcecode.c.objc; path = "UITableView+FDTemplateLayoutCell.m"; sourceTree = "<group>"; };
		B94F4EBC1F135F0300CCDC58 /* UITableView+FDTemplateLayoutCellDebug.h */ = {isa = PBXFileReference; fileEncoding = 4; lastKnownFileType = sourcecode.c.h; path = "UITableView+FDTemplateLayoutCellDebug.h"; sourceTree = "<group>"; };
		B94F4EBD1F135F0300CCDC58 /* UITableView+FDTemplateLayoutCellDebug.m */ = {isa = PBXFileReference; fileEncoding = 4; lastKnownFileType = sourcecode.c.objc; path = "UITableView+FDTemplateLayoutCellDebug.m"; sourceTree = "<group>"; };
		B94F4EBE1F135F0300CCDC58 /* LICENSE */ = {isa = PBXFileReference; fileEncoding = 4; lastKnownFileType = text; path = LICENSE; sourceTree = "<group>"; };
		B94F4EBF1F135F0300CCDC58 /* README.md */ = {isa = PBXFileReference; fileEncoding = 4; lastKnownFileType = net.daringfireball.markdown; path = README.md; sourceTree = "<group>"; };
		B94F4EC91F13604300CCDC58 /* ViewController.h */ = {isa = PBXFileReference; fileEncoding = 4; lastKnownFileType = sourcecode.c.h; path = ViewController.h; sourceTree = "<group>"; };
		B94F4ECA1F13604300CCDC58 /* ViewController.m */ = {isa = PBXFileReference; fileEncoding = 4; lastKnownFileType = sourcecode.c.objc; path = ViewController.m; sourceTree = "<group>"; };
		B94F4ECE1F13607D00CCDC58 /* AppDelegate.h */ = {isa = PBXFileReference; fileEncoding = 4; lastKnownFileType = sourcecode.c.h; path = AppDelegate.h; sourceTree = "<group>"; };
		B94F4ECF1F13607D00CCDC58 /* AppDelegate.m */ = {isa = PBXFileReference; fileEncoding = 4; lastKnownFileType = sourcecode.c.objc; path = AppDelegate.m; sourceTree = "<group>"; };
		D0ADAF9762BA00FCDD832E6D /* libPods-XGDevelopDemo.a */ = {isa = PBXFileReference; explicitFileType = archive.ar; includeInIndex = 0; path = "libPods-XGDevelopDemo.a"; sourceTree = BUILT_PRODUCTS_DIR; };
/* End PBXFileReference section */

/* Begin PBXFrameworksBuildPhase section */
		373690BD1D7522CC00E04076 /* Frameworks */ = {
			isa = PBXFrameworksBuildPhase;
			buildActionMask = 2147483647;
			files = (
				371103261E6580FE00BAF041 /* AddressBook.framework in Frameworks */,
				03E8DBA682210C33E3010820 /* libPods-XGDevelopDemo.a in Frameworks */,
			);
			runOnlyForDeploymentPostprocessing = 0;
		};
		373690D61D7522CC00E04076 /* Frameworks */ = {
			isa = PBXFrameworksBuildPhase;
			buildActionMask = 2147483647;
			files = (
			);
			runOnlyForDeploymentPostprocessing = 0;
		};
		373690E11D7522CC00E04076 /* Frameworks */ = {
			isa = PBXFrameworksBuildPhase;
			buildActionMask = 2147483647;
			files = (
			);
			runOnlyForDeploymentPostprocessing = 0;
		};
/* End PBXFrameworksBuildPhase section */

/* Begin PBXGroup section */
		31E6C4ED15E81196101238B1 /* Pods */ = {
			isa = PBXGroup;
			children = (
				B39BF90DA5AC4210BCB91714 /* Pods-XGDevelopDemo.debug.xcconfig */,
				29003ACEF14963DBB8FDECDB /* Pods-XGDevelopDemo.release.xcconfig */,
			);
			name = Pods;
			sourceTree = "<group>";
		};
		373690B71D7522CC00E04076 = {
			isa = PBXGroup;
			children = (
				37862C211D8258BB001318B8 /* XGDevelopDemo */,
				373690DC1D7522CC00E04076 /* XGDevelopDemoTests */,
				373690E71D7522CC00E04076 /* XGDevelopDemoUITests */,
				373690C11D7522CC00E04076 /* Products */,
				31E6C4ED15E81196101238B1 /* Pods */,
				F1AD30B5353424FB5896BC81 /* Frameworks */,
			);
			sourceTree = "<group>";
		};
		373690C11D7522CC00E04076 /* Products */ = {
			isa = PBXGroup;
			children = (
				373690C01D7522CC00E04076 /* XGDevelopDemo.app */,
				373690D91D7522CC00E04076 /* XGDevelopDemoTests.xctest */,
				373690E41D7522CC00E04076 /* XGDevelopDemoUITests.xctest */,
			);
			name = Products;
			sourceTree = "<group>";
		};
		373690DC1D7522CC00E04076 /* XGDevelopDemoTests */ = {
			isa = PBXGroup;
			children = (
				373690DD1D7522CC00E04076 /* XGDevelopDemoTests.m */,
				373690DF1D7522CC00E04076 /* Info.plist */,
			);
			path = XGDevelopDemoTests;
			sourceTree = "<group>";
		};
		373690E71D7522CC00E04076 /* XGDevelopDemoUITests */ = {
			isa = PBXGroup;
			children = (
				373690E81D7522CC00E04076 /* XGDevelopDemoUITests.m */,
				373690EA1D7522CC00E04076 /* Info.plist */,
			);
			path = XGDevelopDemoUITests;
			sourceTree = "<group>";
		};
		3754354C1D851A5500851923 /* MSSCalendar */ = {
			isa = PBXGroup;
			children = (
				3754354D1D851A5500851923 /* MSSCalendarCollectionReusableView.h */,
				3754354E1D851A5500851923 /* MSSCalendarCollectionReusableView.m */,
				3754354F1D851A5500851923 /* MSSCalendarCollectionViewCell.h */,
				375435501D851A5500851923 /* MSSCalendarCollectionViewCell.m */,
				375435511D851A5500851923 /* MSSCalendarDefine.h */,
				375435521D851A5500851923 /* MSSCalendarHeaderModel.h */,
				375435531D851A5500851923 /* MSSCalendarHeaderModel.m */,
				375435541D851A5500851923 /* MSSCalendarManager.h */,
				375435551D851A5500851923 /* MSSCalendarManager.m */,
				375435561D851A5500851923 /* MSSCalendarPopView.h */,
				375435571D851A5500851923 /* MSSCalendarPopView.m */,
				375435581D851A5500851923 /* MSSCalendarViewController.h */,
				375435591D851A5500851923 /* MSSCalendarViewController.m */,
				3754355A1D851A5500851923 /* MSSChineseCalendarManager.h */,
				3754355B1D851A5500851923 /* MSSChineseCalendarManager.m */,
				3754355C1D851A5500851923 /* MSSCircleLabel.h */,
				3754355D1D851A5500851923 /* MSSCircleLabel.m */,
				3754355E1D851A5500851923 /* nav_back@2x.png */,
				3754355F1D851A5500851923 /* nav_back@3x.png */,
			);
			path = MSSCalendar;
			sourceTree = "<group>";
		};
		376924991DE2CF8D00DA356C /* html */ = {
			isa = PBXGroup;
			children = (
				3769249A1DE2CF8D00DA356C /* points1.png */,
				3769249B1DE2CF8D00DA356C /* points2.png */,
				3769249C1DE2CF8D00DA356C /* points4.png */,
				3769249D1DE2CF8D00DA356C /* xg_test.html */,
			);
			path = html;
			sourceTree = "<group>";
		};
		376924C01DE2D66F00DA356C /* Controllers */ = {
			isa = PBXGroup;
			children = (
				37E533201DF1533F00A1EB66 /* SearchController */,
				37ABE0641DED33CA00E58619 /* CodeScan */,
				376924C11DE2D66F00DA356C /* CollectionTest */,
				376924C51DE2D66F00DA356C /* TabTest */,
				376924CE1DE2D66F00DA356C /* WebTest */,
			);
			path = Controllers;
			sourceTree = "<group>";
		};
		376924C11DE2D66F00DA356C /* CollectionTest */ = {
			isa = PBXGroup;
			children = (
				376924C21DE2D66F00DA356C /* XGCollectionController.h */,
				376924C31DE2D66F00DA356C /* XGCollectionController.m */,
				376924C41DE2D66F00DA356C /* XGCollectionController.xib */,
				377869861EEB953800BA2B58 /* SCSharePlatformMenu.h */,
				377869871EEB953800BA2B58 /* SCSharePlatformMenu.m */,
				3703A4831EEAA402008274D8 /* SCShareCollectionViewCell.h */,
				3703A4841EEAA402008274D8 /* SCShareCollectionViewCell.m */,
				3703A4851EEAA402008274D8 /* SCShareCollectionViewCell.xib */,
			);
			path = CollectionTest;
			sourceTree = "<group>";
		};
		376924C51DE2D66F00DA356C /* TabTest */ = {
			isa = PBXGroup;
			children = (
				376924C61DE2D66F00DA356C /* XGAddCellController.h */,
				376924C71DE2D66F00DA356C /* XGAddCellController.m */,
				376924C81DE2D66F00DA356C /* XGAddCellController.xib */,
				376924C91DE2D66F00DA356C /* XGAutoHeightTabController.h */,
				376924CA1DE2D66F00DA356C /* XGAutoHeightTabController.m */,
				376924CB1DE2D66F00DA356C /* XGAutoHeightTabController.xib */,
				376924CC1DE2D66F00DA356C /* XGTableTestController.h */,
				376924CD1DE2D66F00DA356C /* XGTableTestController.m */,
			);
			path = TabTest;
			sourceTree = "<group>";
		};
		376924CE1DE2D66F00DA356C /* WebTest */ = {
			isa = PBXGroup;
			children = (
				376924CF1DE2D66F00DA356C /* WKWebViewBridgeController.h */,
				376924D01DE2D66F00DA356C /* WKWebViewBridgeController.m */,
				376924D11DE2D66F00DA356C /* XGWKDelegateController.h */,
				376924D21DE2D66F00DA356C /* XGWKDelegateController.m */,
				376924D31DE2D66F00DA356C /* XGWKWebViewController.h */,
				376924D41DE2D66F00DA356C /* XGWKWebViewController.m */,
			);
			path = WebTest;
			sourceTree = "<group>";
		};
		376924D51DE2D66F00DA356C /* Models */ = {
			isa = PBXGroup;
			children = (
				376924D61DE2D66F00DA356C /* AddCellDatas.plist */,
				376924D71DE2D66F00DA356C /* XGAddCellModel.h */,
				376924D81DE2D66F00DA356C /* XGAddCellModel.m */,
				376924D91DE2D66F00DA356C /* XGModel.h */,
				376924DA1DE2D66F00DA356C /* XGModel.m */,
			);
			path = Models;
			sourceTree = "<group>";
		};
		376924DB1DE2D66F00DA356C /* Views */ = {
			isa = PBXGroup;
			children = (
				376924DC1DE2D66F00DA356C /* XGAddCell.h */,
				376924DD1DE2D66F00DA356C /* XGAddCell.m */,
				376924DE1DE2D66F00DA356C /* XGAddCell.xib */,
				376924DF1DE2D66F00DA356C /* XGCollectionCell.h */,
				376924E01DE2D66F00DA356C /* XGCollectionCell.m */,
				376924E11DE2D66F00DA356C /* XGCollectionCell.xib */,
				376924E21DE2D66F00DA356C /* XGCollectionHeaderView.h */,
				376924E31DE2D66F00DA356C /* XGCollectionHeaderView.m */,
				376924E41DE2D66F00DA356C /* XGCollectionHeaderView.xib */,
				376924E51DE2D66F00DA356C /* XGTestCell.h */,
				376924E61DE2D66F00DA356C /* XGTestCell.m */,
				376924E71DE2D66F00DA356C /* XGTestCell.xib */,
			);
			path = Views;
			sourceTree = "<group>";
		};
		37862C211D8258BB001318B8 /* XGDevelopDemo */ = {
			isa = PBXGroup;
			children = (
				37862C221D8258BB001318B8 /* Classes */,
				37862C721D8258BB001318B8 /* Resources */,
			);
			path = XGDevelopDemo;
			sourceTree = "<group>";
		};
		37862C221D8258BB001318B8 /* Classes */ = {
			isa = PBXGroup;
			children = (
				37862C231D8258BB001318B8 /* Base */,
				37862C361D8258BB001318B8 /* Business */,
				37862C561D8258BB001318B8 /* Category */,
				37862C5D1D8258BB001318B8 /* CutomViews */,
				37862C601D8258BB001318B8 /* Macro */,
				37862C651D8258BB001318B8 /* Three */,
				37862C661D8258BB001318B8 /* Tools */,
			);
			path = Classes;
			sourceTree = "<group>";
		};
		37862C231D8258BB001318B8 /* Base */ = {
			isa = PBXGroup;
			children = (
				B94F4ECD1F13607D00CCDC58 /* AppDelegate */,
				37862C241D8258BB001318B8 /* BaseDB */,
				37862C251D8258BB001318B8 /* BaseNet */,
				37862C2A1D8258BB001318B8 /* BaseVC */,
			);
			path = Base;
			sourceTree = "<group>";
		};
		37862C241D8258BB001318B8 /* BaseDB */ = {
			isa = PBXGroup;
			children = (
			);
			path = BaseDB;
			sourceTree = "<group>";
		};
		37862C251D8258BB001318B8 /* BaseNet */ = {
			isa = PBXGroup;
			children = (
				37862C261D8258BB001318B8 /* XGNetBase.h */,
				37862C271D8258BB001318B8 /* XGNetBase.m */,
				37862C281D8258BB001318B8 /* XGNetRequest.h */,
				37862C291D8258BB001318B8 /* XGNetRequest.m */,
			);
			path = BaseNet;
			sourceTree = "<group>";
		};
		37862C2A1D8258BB001318B8 /* BaseVC */ = {
			isa = PBXGroup;
			children = (
				37862C2B1D8258BB001318B8 /* XGArrayDataSource.h */,
				37862C2C1D8258BB001318B8 /* XGArrayDataSource.m */,
				37862C2D1D8258BB001318B8 /* XGBaseController.h */,
				37862C2E1D8258BB001318B8 /* XGBaseController.m */,
				37862C2F1D8258BB001318B8 /* XGBaseTableController.h */,
				37862C301D8258BB001318B8 /* XGBaseTableController.m */,
			);
			path = BaseVC;
			sourceTree = "<group>";
		};
		37862C361D8258BB001318B8 /* Business */ = {
			isa = PBXGroup;
			children = (
				B94F4EC61F13604300CCDC58 /* Common */,
				376924C01DE2D66F00DA356C /* Controllers */,
				376924D51DE2D66F00DA356C /* Models */,
				376924DB1DE2D66F00DA356C /* Views */,
			);
			path = Business;
			sourceTree = "<group>";
		};
		37862C561D8258BB001318B8 /* Category */ = {
			isa = PBXGroup;
			children = (
				37862C571D8258BB001318B8 /* Foundation */,
				37862C5A1D8258BB001318B8 /* UIKit */,
			);
			path = Category;
			sourceTree = "<group>";
		};
		37862C571D8258BB001318B8 /* Foundation */ = {
			isa = PBXGroup;
			children = (
				376925061DE2E45D00DA356C /* NSString+Ext.h */,
				376925071DE2E45D00DA356C /* NSString+Ext.m */,
				37862C581D8258BB001318B8 /* NSObject+Ext.h */,
				37862C591D8258BB001318B8 /* NSObject+Ext.m */,
			);
			path = Foundation;
			sourceTree = "<group>";
		};
		37862C5A1D8258BB001318B8 /* UIKit */ = {
			isa = PBXGroup;
			children = (
				37ABE06E1DED591C00E58619 /* UIImage+XJHResize.h */,
				37ABE06F1DED591C00E58619 /* UIImage+XJHResize.m */,
				37862C5B1D8258BB001318B8 /* UIView+Ext.h */,
				37862C5C1D8258BB001318B8 /* UIView+Ext.m */,
				37AD024C1E95E5D50075CA53 /* UIControl+Delay.h */,
				37AD024D1E95E5D50075CA53 /* UIControl+Delay.m */,
			);
			path = UIKit;
			sourceTree = "<group>";
		};
		37862C5D1D8258BB001318B8 /* CutomViews */ = {
			isa = PBXGroup;
			children = (
				37862C5E1D8258BB001318B8 /* XGChoseDateView.h */,
				37862C5F1D8258BB001318B8 /* XGChoseDateView.m */,
				37ABE0611DED294900E58619 /* XGQRScanView.h */,
				37ABE0621DED294900E58619 /* XGQRScanView.m */,
			);
			path = CutomViews;
			sourceTree = "<group>";
		};
		37862C601D8258BB001318B8 /* Macro */ = {
			isa = PBXGroup;
			children = (
				37862C611D8258BB001318B8 /* PrefixHeader.pch */,
				37862C621D8258BB001318B8 /* XGCommonMacro.h */,
				37862C631D8258BB001318B8 /* XGDefineCode.h */,
				37862C641D8258BB001318B8 /* XGUrlMacro.h */,
			);
			path = Macro;
			sourceTree = "<group>";
		};
		37862C651D8258BB001318B8 /* Three */ = {
			isa = PBXGroup;
			children = (
				B94F4EB41F135F0300CCDC58 /* UITableView+FDTemplateLayoutCell */,
				3754354C1D851A5500851923 /* MSSCalendar */,
			);
			path = Three;
			sourceTree = "<group>";
		};
		37862C661D8258BB001318B8 /* Tools */ = {
			isa = PBXGroup;
			children = (
				37ABE0681DED4D1C00E58619 /* XGScanVoice */,
				37862C671D8258BB001318B8 /* MJPopupViewController */,
				37862C6D1D8258BB001318B8 /* XGAlertTool.h */,
				37862C6E1D8258BB001318B8 /* XGAlertTool.m */,
				37862C6F1D8258BB001318B8 /* XGDatePicerViewController.h */,
				37862C701D8258BB001318B8 /* XGDatePicerViewController.m */,
				37862C711D8258BB001318B8 /* XGDatePicerViewController.xib */,
			);
			path = Tools;
			sourceTree = "<group>";
		};
		37862C671D8258BB001318B8 /* MJPopupViewController */ = {
			isa = PBXGroup;
			children = (
				37862C681D8258BB001318B8 /* MJPopupBackgroundView.h */,
				37862C691D8258BB001318B8 /* MJPopupBackgroundView.m */,
				37862C6A1D8258BB001318B8 /* MJPopupViewController.textClipping */,
				37862C6B1D8258BB001318B8 /* UIViewController+MJPopupViewController.h */,
				37862C6C1D8258BB001318B8 /* UIViewController+MJPopupViewController.m */,
			);
			path = MJPopupViewController;
			sourceTree = "<group>";
		};
		37862C721D8258BB001318B8 /* Resources */ = {
			isa = PBXGroup;
			children = (
				376924991DE2CF8D00DA356C /* html */,
				37A98CDB1DCC6E9C00AFD09C /* hotpatch.js */,
				37862C731D8258BB001318B8 /* Assets.xcassets */,
				37862C741D8258BB001318B8 /* LaunchScreen.storyboard */,
				37862C761D8258BB001318B8 /* Main.storyboard */,
				37862C781D8258BB001318B8 /* Info.plist */,
				37862C791D8258BB001318B8 /* main.m */,
			);
			path = Resources;
			sourceTree = "<group>";
		};
		37ABE0641DED33CA00E58619 /* CodeScan */ = {
			isa = PBXGroup;
			children = (
				37ABE0651DED33E300E58619 /* XGSacnController.h */,
				37ABE0661DED33E300E58619 /* XGSacnController.m */,
			);
			path = CodeScan;
			sourceTree = "<group>";
		};
		37ABE0681DED4D1C00E58619 /* XGScanVoice */ = {
			isa = PBXGroup;
			children = (
				37ABE0691DED4D1C00E58619 /* beep.wav */,
				37ABE06A1DED4D1C00E58619 /* XGSoundHelper.h */,
				37ABE06B1DED4D1C00E58619 /* XGSoundHelper.m */,
			);
			path = XGScanVoice;
			sourceTree = "<group>";
		};
		37E533201DF1533F00A1EB66 /* SearchController */ = {
			isa = PBXGroup;
			children = (
				37E533211DF1535B00A1EB66 /* XGSearchController.h */,
				37E533221DF1535B00A1EB66 /* XGSearchController.m */,
				37E533231DF1535B00A1EB66 /* XGSearchController.xib */,
				37E533261DF1537500A1EB66 /* XGSearchResultController.h */,
				37E533271DF1537500A1EB66 /* XGSearchResultController.m */,
				37E533281DF1537500A1EB66 /* XGSearchResultController.xib */,
			);
			path = SearchController;
			sourceTree = "<group>";
		};
		B94F4EB41F135F0300CCDC58 /* UITableView+FDTemplateLayoutCell */ = {
			isa = PBXGroup;
			children = (
				B94F4EB51F135F0300CCDC58 /* Classes */,
				B94F4EBE1F135F0300CCDC58 /* LICENSE */,
				B94F4EBF1F135F0300CCDC58 /* README.md */,
			);
			path = "UITableView+FDTemplateLayoutCell";
			sourceTree = "<group>";
		};
		B94F4EB51F135F0300CCDC58 /* Classes */ = {
			isa = PBXGroup;
			children = (
				B94F4EB61F135F0300CCDC58 /* UITableView+FDIndexPathHeightCache.h */,
				B94F4EB71F135F0300CCDC58 /* UITableView+FDIndexPathHeightCache.m */,
				B94F4EB81F135F0300CCDC58 /* UITableView+FDKeyedHeightCache.h */,
				B94F4EB91F135F0300CCDC58 /* UITableView+FDKeyedHeightCache.m */,
				B94F4EBA1F135F0300CCDC58 /* UITableView+FDTemplateLayoutCell.h */,
				B94F4EBB1F135F0300CCDC58 /* UITableView+FDTemplateLayoutCell.m */,
				B94F4EBC1F135F0300CCDC58 /* UITableView+FDTemplateLayoutCellDebug.h */,
				B94F4EBD1F135F0300CCDC58 /* UITableView+FDTemplateLayoutCellDebug.m */,
			);
			path = Classes;
			sourceTree = "<group>";
		};
		B94F4EC61F13604300CCDC58 /* Common */ = {
			isa = PBXGroup;
			children = (
				B94F4EC91F13604300CCDC58 /* ViewController.h */,
				B94F4ECA1F13604300CCDC58 /* ViewController.m */,
			);
			name = Common;
			path = Controllers/Common;
			sourceTree = "<group>";
		};
		B94F4ECD1F13607D00CCDC58 /* AppDelegate */ = {
			isa = PBXGroup;
			children = (
				B94F4ECE1F13607D00CCDC58 /* AppDelegate.h */,
				B94F4ECF1F13607D00CCDC58 /* AppDelegate.m */,
			);
			path = AppDelegate;
			sourceTree = "<group>";
		};
		F1AD30B5353424FB5896BC81 /* Frameworks */ = {
			isa = PBXGroup;
			children = (
				371103251E6580FE00BAF041 /* AddressBook.framework */,
				D0ADAF9762BA00FCDD832E6D /* libPods-XGDevelopDemo.a */,
			);
			name = Frameworks;
			sourceTree = "<group>";
		};
/* End PBXGroup section */

/* Begin PBXNativeTarget section */
		373690BF1D7522CC00E04076 /* XGDevelopDemo */ = {
			isa = PBXNativeTarget;
			buildConfigurationList = 373690ED1D7522CC00E04076 /* Build configuration list for PBXNativeTarget "XGDevelopDemo" */;
			buildPhases = (
				2B6CA91FB0C92218917085B1 /* [CP] Check Pods Manifest.lock */,
				373690BC1D7522CC00E04076 /* Sources */,
				373690BD1D7522CC00E04076 /* Frameworks */,
				373690BE1D7522CC00E04076 /* Resources */,
				2D7C5557054F19D3716D3DC6 /* [CP] Embed Pods Frameworks */,
				AF2F76FA892D2967C9846B4E /* [CP] Copy Pods Resources */,
			);
			buildRules = (
			);
			dependencies = (
			);
			name = XGDevelopDemo;
			productName = XGDevelopDemo;
			productReference = 373690C01D7522CC00E04076 /* XGDevelopDemo.app */;
			productType = "com.apple.product-type.application";
		};
		373690D81D7522CC00E04076 /* XGDevelopDemoTests */ = {
			isa = PBXNativeTarget;
			buildConfigurationList = 373690F01D7522CC00E04076 /* Build configuration list for PBXNativeTarget "XGDevelopDemoTests" */;
			buildPhases = (
				373690D51D7522CC00E04076 /* Sources */,
				373690D61D7522CC00E04076 /* Frameworks */,
				373690D71D7522CC00E04076 /* Resources */,
			);
			buildRules = (
			);
			dependencies = (
				373690DB1D7522CC00E04076 /* PBXTargetDependency */,
			);
			name = XGDevelopDemoTests;
			productName = XGDevelopDemoTests;
			productReference = 373690D91D7522CC00E04076 /* XGDevelopDemoTests.xctest */;
			productType = "com.apple.product-type.bundle.unit-test";
		};
		373690E31D7522CC00E04076 /* XGDevelopDemoUITests */ = {
			isa = PBXNativeTarget;
			buildConfigurationList = 373690F31D7522CC00E04076 /* Build configuration list for PBXNativeTarget "XGDevelopDemoUITests" */;
			buildPhases = (
				373690E01D7522CC00E04076 /* Sources */,
				373690E11D7522CC00E04076 /* Frameworks */,
				373690E21D7522CC00E04076 /* Resources */,
			);
			buildRules = (
			);
			dependencies = (
				373690E61D7522CC00E04076 /* PBXTargetDependency */,
			);
			name = XGDevelopDemoUITests;
			productName = XGDevelopDemoUITests;
			productReference = 373690E41D7522CC00E04076 /* XGDevelopDemoUITests.xctest */;
			productType = "com.apple.product-type.bundle.ui-testing";
		};
/* End PBXNativeTarget section */

/* Begin PBXProject section */
		373690B81D7522CC00E04076 /* Project object */ = {
			isa = PBXProject;
			attributes = {
				LastUpgradeCheck = 0730;
				ORGANIZATIONNAME = "小广";
				TargetAttributes = {
					373690BF1D7522CC00E04076 = {
						CreatedOnToolsVersion = 7.3.1;
						ProvisioningStyle = Manual;
					};
					373690D81D7522CC00E04076 = {
						CreatedOnToolsVersion = 7.3.1;
						TestTargetID = 373690BF1D7522CC00E04076;
					};
					373690E31D7522CC00E04076 = {
						CreatedOnToolsVersion = 7.3.1;
						TestTargetID = 373690BF1D7522CC00E04076;
					};
				};
			};
			buildConfigurationList = 373690BB1D7522CC00E04076 /* Build configuration list for PBXProject "XGDevelopDemo" */;
			compatibilityVersion = "Xcode 3.2";
			developmentRegion = English;
			hasScannedForEncodings = 0;
			knownRegions = (
				en,
				Base,
			);
			mainGroup = 373690B71D7522CC00E04076;
			productRefGroup = 373690C11D7522CC00E04076 /* Products */;
			projectDirPath = "";
			projectRoot = "";
			targets = (
				373690BF1D7522CC00E04076 /* XGDevelopDemo */,
				373690D81D7522CC00E04076 /* XGDevelopDemoTests */,
				373690E31D7522CC00E04076 /* XGDevelopDemoUITests */,
			);
		};
/* End PBXProject section */

/* Begin PBXResourcesBuildPhase section */
		373690BE1D7522CC00E04076 /* Resources */ = {
			isa = PBXResourcesBuildPhase;
			buildActionMask = 2147483647;
			files = (
				376924F21DE2D66F00DA356C /* AddCellDatas.plist in Resources */,
				37862C991D8258BB001318B8 /* XGDatePicerViewController.xib in Resources */,
				B94F4EC41F135F0300CCDC58 /* LICENSE in Resources */,
				376924FC1DE2D66F00DA356C /* XGTestCell.xib in Resources */,
				376924FA1DE2D66F00DA356C /* XGCollectionHeaderView.xib in Resources */,
				376924F61DE2D66F00DA356C /* XGAddCell.xib in Resources */,
				376924EB1DE2D66F00DA356C /* XGAddCellController.xib in Resources */,
				375435691D851A5500851923 /* nav_back@3x.png in Resources */,
				376924E91DE2D66F00DA356C /* XGCollectionController.xib in Resources */,
				376924A01DE2CF8D00DA356C /* points4.png in Resources */,
				376924A11DE2CF8D00DA356C /* xg_test.html in Resources */,
				37ABE06C1DED4D1C00E58619 /* beep.wav in Resources */,
				37862C951D8258BB001318B8 /* MJPopupViewController.textClipping in Resources */,
				37E533251DF1535B00A1EB66 /* XGSearchController.xib in Resources */,
				37862C9C1D8258BB001318B8 /* Main.storyboard in Resources */,
				3769249F1DE2CF8D00DA356C /* points2.png in Resources */,
				3703A4871EEAA402008274D8 /* SCShareCollectionViewCell.xib in Resources */,
				376924F81DE2D66F00DA356C /* XGCollectionCell.xib in Resources */,
				37862C9A1D8258BB001318B8 /* Assets.xcassets in Resources */,
				376924ED1DE2D66F00DA356C /* XGAutoHeightTabController.xib in Resources */,
				3769249E1DE2CF8D00DA356C /* points1.png in Resources */,
				375435681D851A5500851923 /* nav_back@2x.png in Resources */,
				37A98CDC1DCC6E9C00AFD09C /* hotpatch.js in Resources */,
				37E5332A1DF1537500A1EB66 /* XGSearchResultController.xib in Resources */,
				37862C9B1D8258BB001318B8 /* LaunchScreen.storyboard in Resources */,
				37862C9D1D8258BB001318B8 /* Info.plist in Resources */,
			);
			runOnlyForDeploymentPostprocessing = 0;
		};
		373690D71D7522CC00E04076 /* Resources */ = {
			isa = PBXResourcesBuildPhase;
			buildActionMask = 2147483647;
			files = (
			);
			runOnlyForDeploymentPostprocessing = 0;
		};
		373690E21D7522CC00E04076 /* Resources */ = {
			isa = PBXResourcesBuildPhase;
			buildActionMask = 2147483647;
			files = (
			);
			runOnlyForDeploymentPostprocessing = 0;
		};
/* End PBXResourcesBuildPhase section */

/* Begin PBXShellScriptBuildPhase section */
		2B6CA91FB0C92218917085B1 /* [CP] Check Pods Manifest.lock */ = {
			isa = PBXShellScriptBuildPhase;
			buildActionMask = 2147483647;
			files = (
			);
			inputPaths = (
			);
			name = "[CP] Check Pods Manifest.lock";
			outputPaths = (
			);
			runOnlyForDeploymentPostprocessing = 0;
			shellPath = /bin/sh;
			shellScript = "diff \"${PODS_PODFILE_DIR_PATH}/Podfile.lock\" \"${PODS_ROOT}/Manifest.lock\" > /dev/null\nif [ $? != 0 ] ; then\n    # print error to STDERR\n    echo \"error: The sandbox is not in sync with the Podfile.lock. Run 'pod install' or update your CocoaPods installation.\" >&2\n    exit 1\nfi\n";
			showEnvVarsInLog = 0;
		};
		2D7C5557054F19D3716D3DC6 /* [CP] Embed Pods Frameworks */ = {
			isa = PBXShellScriptBuildPhase;
			buildActionMask = 2147483647;
			files = (
			);
			inputPaths = (
			);
			name = "[CP] Embed Pods Frameworks";
			outputPaths = (
			);
			runOnlyForDeploymentPostprocessing = 0;
			shellPath = /bin/sh;
			shellScript = "\"${SRCROOT}/Pods/Target Support Files/Pods-XGDevelopDemo/Pods-XGDevelopDemo-frameworks.sh\"\n";
			showEnvVarsInLog = 0;
		};
		AF2F76FA892D2967C9846B4E /* [CP] Copy Pods Resources */ = {
			isa = PBXShellScriptBuildPhase;
			buildActionMask = 2147483647;
			files = (
			);
			inputPaths = (
			);
			name = "[CP] Copy Pods Resources";
			outputPaths = (
			);
			runOnlyForDeploymentPostprocessing = 0;
			shellPath = /bin/sh;
			shellScript = "\"${SRCROOT}/Pods/Target Support Files/Pods-XGDevelopDemo/Pods-XGDevelopDemo-resources.sh\"\n";
			showEnvVarsInLog = 0;
		};
/* End PBXShellScriptBuildPhase section */

/* Begin PBXSourcesBuildPhase section */
		373690BC1D7522CC00E04076 /* Sources */ = {
			isa = PBXSourcesBuildPhase;
			buildActionMask = 2147483647;
			files = (
				B94F4ECC1F13604300CCDC58 /* ViewController.m in Sources */,
				B94F4EC11F135F0300CCDC58 /* UITableView+FDKeyedHeightCache.m in Sources */,
				37862C911D8258BB001318B8 /* NSObject+Ext.m in Sources */,
				37AD024E1E95E5D50075CA53 /* UIControl+Delay.m in Sources */,
				375435601D851A5500851923 /* MSSCalendarCollectionReusableView.m in Sources */,
				376924EE1DE2D66F00DA356C /* XGTableTestController.m in Sources */,
				37E533241DF1535B00A1EB66 /* XGSearchController.m in Sources */,
				37ABE0671DED33E300E58619 /* XGSacnController.m in Sources */,
				375435631D851A5500851923 /* MSSCalendarManager.m in Sources */,
				37E533291DF1537500A1EB66 /* XGSearchResultController.m in Sources */,
				37862C941D8258BB001318B8 /* MJPopupBackgroundView.m in Sources */,
				37862C7B1D8258BB001318B8 /* XGNetRequest.m in Sources */,
				376924F51DE2D66F00DA356C /* XGAddCell.m in Sources */,
				37862C921D8258BB001318B8 /* UIView+Ext.m in Sources */,
				B94F4ED01F13607D00CCDC58 /* AppDelegate.m in Sources */,
				375435611D851A5500851923 /* MSSCalendarCollectionViewCell.m in Sources */,
				37ABE0631DED294900E58619 /* XGQRScanView.m in Sources */,
				377869881EEB953800BA2B58 /* SCSharePlatformMenu.m in Sources */,
				37862C7A1D8258BB001318B8 /* XGNetBase.m in Sources */,
				375435621D851A5500851923 /* MSSCalendarHeaderModel.m in Sources */,
				376924EC1DE2D66F00DA356C /* XGAutoHeightTabController.m in Sources */,
				376924E81DE2D66F00DA356C /* XGCollectionController.m in Sources */,
				376924EA1DE2D66F00DA356C /* XGAddCellController.m in Sources */,
				B94F4EC21F135F0300CCDC58 /* UITableView+FDTemplateLayoutCell.m in Sources */,
				37862C981D8258BB001318B8 /* XGDatePicerViewController.m in Sources */,
				376924F31DE2D66F00DA356C /* XGAddCellModel.m in Sources */,
				376924FB1DE2D66F00DA356C /* XGTestCell.m in Sources */,
				375435651D851A5500851923 /* MSSCalendarViewController.m in Sources */,
				37862C931D8258BB001318B8 /* XGChoseDateView.m in Sources */,
				37ABE06D1DED4D1C00E58619 /* XGSoundHelper.m in Sources */,
				376924F71DE2D66F00DA356C /* XGCollectionCell.m in Sources */,
				37862C961D8258BB001318B8 /* UIViewController+MJPopupViewController.m in Sources */,
				376924F41DE2D66F00DA356C /* XGModel.m in Sources */,
				37862C7E1D8258BB001318B8 /* XGBaseTableController.m in Sources */,
				376924F11DE2D66F00DA356C /* XGWKWebViewController.m in Sources */,
				376925081DE2E45D00DA356C /* NSString+Ext.m in Sources */,
				37862C7C1D8258BB001318B8 /* XGArrayDataSource.m in Sources */,
				B94F4EC31F135F0300CCDC58 /* UITableView+FDTemplateLayoutCellDebug.m in Sources */,
				376924F91DE2D66F00DA356C /* XGCollectionHeaderView.m in Sources */,
				375435641D851A5500851923 /* MSSCalendarPopView.m in Sources */,
				37862C7D1D8258BB001318B8 /* XGBaseController.m in Sources */,
				B94F4EC01F135F0300CCDC58 /* UITableView+FDIndexPathHeightCache.m in Sources */,
				375435661D851A5500851923 /* MSSChineseCalendarManager.m in Sources */,
				37862C9E1D8258BB001318B8 /* main.m in Sources */,
				37ABE0701DED591C00E58619 /* UIImage+XJHResize.m in Sources */,
				B94F4EC51F135F0300CCDC58 /* README.md in Sources */,
				37862C971D8258BB001318B8 /* XGAlertTool.m in Sources */,
				376924F01DE2D66F00DA356C /* XGWKDelegateController.m in Sources */,
				376924EF1DE2D66F00DA356C /* WKWebViewBridgeController.m in Sources */,
				3703A4861EEAA402008274D8 /* SCShareCollectionViewCell.m in Sources */,
				375435671D851A5500851923 /* MSSCircleLabel.m in Sources */,
			);
			runOnlyForDeploymentPostprocessing = 0;
		};
		373690D51D7522CC00E04076 /* Sources */ = {
			isa = PBXSourcesBuildPhase;
			buildActionMask = 2147483647;
			files = (
				373690DE1D7522CC00E04076 /* XGDevelopDemoTests.m in Sources */,
			);
			runOnlyForDeploymentPostprocessing = 0;
		};
		373690E01D7522CC00E04076 /* Sources */ = {
			isa = PBXSourcesBuildPhase;
			buildActionMask = 2147483647;
			files = (
				373690E91D7522CC00E04076 /* XGDevelopDemoUITests.m in Sources */,
			);
			runOnlyForDeploymentPostprocessing = 0;
		};
/* End PBXSourcesBuildPhase section */

/* Begin PBXTargetDependency section */
		373690DB1D7522CC00E04076 /* PBXTargetDependency */ = {
			isa = PBXTargetDependency;
			target = 373690BF1D7522CC00E04076 /* XGDevelopDemo */;
			targetProxy = 373690DA1D7522CC00E04076 /* PBXContainerItemProxy */;
		};
		373690E61D7522CC00E04076 /* PBXTargetDependency */ = {
			isa = PBXTargetDependency;
			target = 373690BF1D7522CC00E04076 /* XGDevelopDemo */;
			targetProxy = 373690E51D7522CC00E04076 /* PBXContainerItemProxy */;
		};
/* End PBXTargetDependency section */

/* Begin PBXVariantGroup section */
		37862C741D8258BB001318B8 /* LaunchScreen.storyboard */ = {
			isa = PBXVariantGroup;
			children = (
				37862C751D8258BB001318B8 /* Base */,
			);
			name = LaunchScreen.storyboard;
			sourceTree = "<group>";
		};
		37862C761D8258BB001318B8 /* Main.storyboard */ = {
			isa = PBXVariantGroup;
			children = (
				37862C771D8258BB001318B8 /* Base */,
			);
			name = Main.storyboard;
			sourceTree = "<group>";
		};
/* End PBXVariantGroup section */

/* Begin XCBuildConfiguration section */
		373690EB1D7522CC00E04076 /* Debug */ = {
			isa = XCBuildConfiguration;
			buildSettings = {
				ALWAYS_SEARCH_USER_PATHS = NO;
				CLANG_ANALYZER_NONNULL = YES;
				CLANG_CXX_LANGUAGE_STANDARD = "gnu++0x";
				CLANG_CXX_LIBRARY = "libc++";
				CLANG_ENABLE_MODULES = YES;
				CLANG_ENABLE_OBJC_ARC = YES;
				CLANG_WARN_BOOL_CONVERSION = YES;
				CLANG_WARN_CONSTANT_CONVERSION = YES;
				CLANG_WARN_DIRECT_OBJC_ISA_USAGE = YES_ERROR;
				CLANG_WARN_EMPTY_BODY = YES;
				CLANG_WARN_ENUM_CONVERSION = YES;
				CLANG_WARN_INT_CONVERSION = YES;
				CLANG_WARN_OBJC_ROOT_CLASS = YES_ERROR;
				CLANG_WARN_UNREACHABLE_CODE = YES;
				CLANG_WARN__DUPLICATE_METHOD_MATCH = YES;
				"CODE_SIGN_IDENTITY[sdk=iphoneos*]" = "iPhone Developer";
				COPY_PHASE_STRIP = NO;
				DEBUG_INFORMATION_FORMAT = dwarf;
				ENABLE_STRICT_OBJC_MSGSEND = YES;
				ENABLE_TESTABILITY = YES;
				GCC_C_LANGUAGE_STANDARD = gnu99;
				GCC_DYNAMIC_NO_PIC = NO;
				GCC_NO_COMMON_BLOCKS = YES;
				GCC_OPTIMIZATION_LEVEL = 0;
				GCC_PREPROCESSOR_DEFINITIONS = (
					"DEBUG=1",
					"$(inherited)",
				);
				GCC_WARN_64_TO_32_BIT_CONVERSION = YES;
				GCC_WARN_ABOUT_RETURN_TYPE = YES_ERROR;
				GCC_WARN_UNDECLARED_SELECTOR = YES;
				GCC_WARN_UNINITIALIZED_AUTOS = YES_AGGRESSIVE;
				GCC_WARN_UNUSED_FUNCTION = YES;
				GCC_WARN_UNUSED_VARIABLE = YES;
				IPHONEOS_DEPLOYMENT_TARGET = 8.0;
				MTL_ENABLE_DEBUG_INFO = YES;
				ONLY_ACTIVE_ARCH = YES;
				SDKROOT = iphoneos;
				TARGETED_DEVICE_FAMILY = "1,2";
			};
			name = Debug;
		};
		373690EC1D7522CC00E04076 /* Release */ = {
			isa = XCBuildConfiguration;
			buildSettings = {
				ALWAYS_SEARCH_USER_PATHS = NO;
				CLANG_ANALYZER_NONNULL = YES;
				CLANG_CXX_LANGUAGE_STANDARD = "gnu++0x";
				CLANG_CXX_LIBRARY = "libc++";
				CLANG_ENABLE_MODULES = YES;
				CLANG_ENABLE_OBJC_ARC = YES;
				CLANG_WARN_BOOL_CONVERSION = YES;
				CLANG_WARN_CONSTANT_CONVERSION = YES;
				CLANG_WARN_DIRECT_OBJC_ISA_USAGE = YES_ERROR;
				CLANG_WARN_EMPTY_BODY = YES;
				CLANG_WARN_ENUM_CONVERSION = YES;
				CLANG_WARN_INT_CONVERSION = YES;
				CLANG_WARN_OBJC_ROOT_CLASS = YES_ERROR;
				CLANG_WARN_UNREACHABLE_CODE = YES;
				CLANG_WARN__DUPLICATE_METHOD_MATCH = YES;
				"CODE_SIGN_IDENTITY[sdk=iphoneos*]" = "iPhone Developer";
				COPY_PHASE_STRIP = NO;
				DEBUG_INFORMATION_FORMAT = "dwarf-with-dsym";
				ENABLE_NS_ASSERTIONS = NO;
				ENABLE_STRICT_OBJC_MSGSEND = YES;
				GCC_C_LANGUAGE_STANDARD = gnu99;
				GCC_NO_COMMON_BLOCKS = YES;
				GCC_WARN_64_TO_32_BIT_CONVERSION = YES;
				GCC_WARN_ABOUT_RETURN_TYPE = YES_ERROR;
				GCC_WARN_UNDECLARED_SELECTOR = YES;
				GCC_WARN_UNINITIALIZED_AUTOS = YES_AGGRESSIVE;
				GCC_WARN_UNUSED_FUNCTION = YES;
				GCC_WARN_UNUSED_VARIABLE = YES;
				IPHONEOS_DEPLOYMENT_TARGET = 8.0;
				MTL_ENABLE_DEBUG_INFO = NO;
				SDKROOT = iphoneos;
				TARGETED_DEVICE_FAMILY = "1,2";
				VALIDATE_PRODUCT = YES;
			};
			name = Release;
		};
		373690EE1D7522CC00E04076 /* Debug */ = {
			isa = XCBuildConfiguration;
			baseConfigurationReference = B39BF90DA5AC4210BCB91714 /* Pods-XGDevelopDemo.debug.xcconfig */;
			buildSettings = {
				ASSETCATALOG_COMPILER_APPICON_NAME = AppIcon;
				CODE_SIGN_IDENTITY = "iPhone Developer: Linkou Bian (W9H7VWKM6Q)";
				DEVELOPMENT_TEAM = "";
				GCC_PREFIX_HEADER = "$(SRCROOT)/XGDevelopDemo/Classes/Macro/PrefixHeader.pch";
				INFOPLIST_FILE = "$(SRCROOT)/XGDevelopDemo/Resources/Info.plist";
				IPHONEOS_DEPLOYMENT_TARGET = 8.1;
				LD_RUNPATH_SEARCH_PATHS = "$(inherited) @executable_path/Frameworks";
				PRODUCT_BUNDLE_IDENTIFIER = com.xg.development;
				PRODUCT_NAME = "$(TARGET_NAME)";
				PROVISIONING_PROFILE = "f07af5af-5f08-4c8f-b80f-c5a04e41d92d";
			};
			name = Debug;
		};
		373690EF1D7522CC00E04076 /* Release */ = {
			isa = XCBuildConfiguration;
			baseConfigurationReference = 29003ACEF14963DBB8FDECDB /* Pods-XGDevelopDemo.release.xcconfig */;
			buildSettings = {
				ASSETCATALOG_COMPILER_APPICON_NAME = AppIcon;
				DEVELOPMENT_TEAM = "";
				GCC_PREFIX_HEADER = "$(SRCROOT)/XGDevelopDemo/Classes/Macro/PrefixHeader.pch";
				INFOPLIST_FILE = "$(SRCROOT)/XGDevelopDemo/Resources/Info.plist";
				IPHONEOS_DEPLOYMENT_TARGET = 8.1;
				LD_RUNPATH_SEARCH_PATHS = "$(inherited) @executable_path/Frameworks";
				PRODUCT_BUNDLE_IDENTIFIER = com.xg.development;
				PRODUCT_NAME = "$(TARGET_NAME)";
			};
			name = Release;
		};
		373690F11D7522CC00E04076 /* Debug */ = {
			isa = XCBuildConfiguration;
			buildSettings = {
				BUNDLE_LOADER = "$(TEST_HOST)";
				INFOPLIST_FILE = XGDevelopDemoTests/Info.plist;
				LD_RUNPATH_SEARCH_PATHS = "$(inherited) @executable_path/Frameworks @loader_path/Frameworks";
				PRODUCT_BUNDLE_IDENTIFIER = XG.XGDevelopDemoTests;
				PRODUCT_NAME = "$(TARGET_NAME)";
				TEST_HOST = "$(BUILT_PRODUCTS_DIR)/XGDevelopDemo.app/XGDevelopDemo";
			};
			name = Debug;
		};
		373690F21D7522CC00E04076 /* Release */ = {
			isa = XCBuildConfiguration;
			buildSettings = {
				BUNDLE_LOADER = "$(TEST_HOST)";
				INFOPLIST_FILE = XGDevelopDemoTests/Info.plist;
				LD_RUNPATH_SEARCH_PATHS = "$(inherited) @executable_path/Frameworks @loader_path/Frameworks";
				PRODUCT_BUNDLE_IDENTIFIER = XG.XGDevelopDemoTests;
				PRODUCT_NAME = "$(TARGET_NAME)";
				TEST_HOST = "$(BUILT_PRODUCTS_DIR)/XGDevelopDemo.app/XGDevelopDemo";
			};
			name = Release;
		};
		373690F41D7522CC00E04076 /* Debug */ = {
			isa = XCBuildConfiguration;
			buildSettings = {
				INFOPLIST_FILE = XGDevelopDemoUITests/Info.plist;
				LD_RUNPATH_SEARCH_PATHS = "$(inherited) @executable_path/Frameworks @loader_path/Frameworks";
				PRODUCT_BUNDLE_IDENTIFIER = XG.XGDevelopDemoUITests;
				PRODUCT_NAME = "$(TARGET_NAME)";
				TEST_TARGET_NAME = XGDevelopDemo;
			};
			name = Debug;
		};
		373690F51D7522CC00E04076 /* Release */ = {
			isa = XCBuildConfiguration;
			buildSettings = {
				INFOPLIST_FILE = XGDevelopDemoUITests/Info.plist;
				LD_RUNPATH_SEARCH_PATHS = "$(inherited) @executable_path/Frameworks @loader_path/Frameworks";
				PRODUCT_BUNDLE_IDENTIFIER = XG.XGDevelopDemoUITests;
				PRODUCT_NAME = "$(TARGET_NAME)";
				TEST_TARGET_NAME = XGDevelopDemo;
			};
			name = Release;
		};
/* End XCBuildConfiguration section */

/* Begin XCConfigurationList section */
		373690BB1D7522CC00E04076 /* Build configuration list for PBXProject "XGDevelopDemo" */ = {
			isa = XCConfigurationList;
			buildConfigurations = (
				373690EB1D7522CC00E04076 /* Debug */,
				373690EC1D7522CC00E04076 /* Release */,
			);
			defaultConfigurationIsVisible = 0;
			defaultConfigurationName = Release;
		};
		373690ED1D7522CC00E04076 /* Build configuration list for PBXNativeTarget "XGDevelopDemo" */ = {
			isa = XCConfigurationList;
			buildConfigurations = (
				373690EE1D7522CC00E04076 /* Debug */,
				373690EF1D7522CC00E04076 /* Release */,
			);
			defaultConfigurationIsVisible = 0;
			defaultConfigurationName = Release;
		};
		373690F01D7522CC00E04076 /* Build configuration list for PBXNativeTarget "XGDevelopDemoTests" */ = {
			isa = XCConfigurationList;
			buildConfigurations = (
				373690F11D7522CC00E04076 /* Debug */,
				373690F21D7522CC00E04076 /* Release */,
			);
			defaultConfigurationIsVisible = 0;
			defaultConfigurationName = Release;
		};
		373690F31D7522CC00E04076 /* Build configuration list for PBXNativeTarget "XGDevelopDemoUITests" */ = {
			isa = XCConfigurationList;
			buildConfigurations = (
				373690F41D7522CC00E04076 /* Debug */,
				373690F51D7522CC00E04076 /* Release */,
			);
			defaultConfigurationIsVisible = 0;
			defaultConfigurationName = Release;
		};
/* End XCConfigurationList section */
	};
	rootObject = 373690B81D7522CC00E04076 /* Project object */;
}
